PODS:
  - FrameAccessor (1.3.2)
  - VENTokenField (2.5.2):
    - FrameAccessor (~> 1.0)

DEPENDENCIES:
  - VENTokenField (~> 2.0)

SPEC CHECKSUMS:
  FrameAccessor: 0f7ba6ce37be9a5d0302a27c731dca70af8d438b
  VENTokenField: 5a19b838fb97f040e3d4c93f584b4adeaf3fc1ee

PODFILE CHECKSUM: 43058634d6b170c245736e096993fb07d80afdd6

COCOAPODS: 1.0.1
