PODS:
  - BNRCoreDataStack (1.2.3)
  - NKOColorPickerView (0.5)

DEPENDENCIES:
  - BNRCoreDataStack
  - NKOColorPickerView (from `/Users/mattquiros/Developer/NKOColorPickerView`)

EXTERNAL SOURCES:
  NKOColorPickerView:
    :path: /Users/mattquiros/Developer/NKOColorPickerView

SPEC CHECKSUMS:
  BNRCoreDataStack: 10abcb19d2a3f397950a06e9b0915f4e695a826b
  NKOColorPickerView: 895ca86fe5bd16f27c311ce8f5888907efee29ad

COCOAPODS: 0.39.0
