// !$*UTF8*$!
{
	archiveVersion = 1;
	classes = {
	};
	objectVersion = 46;
	objects = {

/* Begin PBXBuildFile section */
		260024151CC7E5F300EB2026 /* SettingsVC.swift in Sources */ = {isa = PBXBuildFile; fileRef = 2600240F1CC7E5F300EB2026 /* SettingsVC.swift */; };
		260024311CC8C5AE00EB2026 /* Mold.framework in Frameworks */ = {isa = PBXBuildFile; fileRef = 260024301CC8C53A00EB2026 /* Mold.framework */; };
		260024321CC8C5AE00EB2026 /* Mold.framework in Embed Frameworks */ = {isa = PBXBuildFile; fileRef = 260024301CC8C53A00EB2026 /* Mold.framework */; settings = {ATTRIBUTES = (CodeSignOnCopy, RemoveHeadersOnCopy, ); }; };
		2603F8C31CCA45FF007F311F /* LaunchScreen.storyboard in Resources */ = {isa = PBXBuildFile; fileRef = 2603F8C21CCA45FF007F311F /* LaunchScreen.storyboard */; };
		2603F8CE1CCA4C10007F311F /* Expense+CoreDataProperties.swift in Sources */ = {isa = PBXBuildFile; fileRef = 2603F8C81CCA4C10007F311F /* Expense+CoreDataProperties.swift */; };
		2603F8CF1CCA4C10007F311F /* Expense.swift in Sources */ = {isa = PBXBuildFile; fileRef = 2603F8C91CCA4C10007F311F /* Expense.swift */; };
		2603F8D21CCA4C10007F311F /* Category+CoreDataProperties.swift in Sources */ = {isa = PBXBuildFile; fileRef = 2603F8CC1CCA4C10007F311F /* Category+CoreDataProperties.swift */; };
		2603F8D31CCA4C10007F311F /* Category.swift in Sources */ = {isa = PBXBuildFile; fileRef = 2603F8CD1CCA4C10007F311F /* Category.swift */; };
		261EB86318DDB630009DDF78 /* Foundation.framework in Frameworks */ = {isa = PBXBuildFile; fileRef = 261EB86218DDB630009DDF78 /* Foundation.framework */; };
		261EB86518DDB630009DDF78 /* CoreGraphics.framework in Frameworks */ = {isa = PBXBuildFile; fileRef = 261EB86418DDB630009DDF78 /* CoreGraphics.framework */; };
		261EB86718DDB631009DDF78 /* UIKit.framework in Frameworks */ = {isa = PBXBuildFile; fileRef = 261EB86618DDB631009DDF78 /* UIKit.framework */; };
		261EB86918DDB631009DDF78 /* CoreData.framework in Frameworks */ = {isa = PBXBuildFile; fileRef = 261EB86818DDB631009DDF78 /* CoreData.framework */; };
		261EB88118DDB631009DDF78 /* XCTest.framework in Frameworks */ = {isa = PBXBuildFile; fileRef = 261EB88018DDB631009DDF78 /* XCTest.framework */; };
		261EB88218DDB631009DDF78 /* Foundation.framework in Frameworks */ = {isa = PBXBuildFile; fileRef = 261EB86218DDB630009DDF78 /* Foundation.framework */; };
		261EB88318DDB631009DDF78 /* UIKit.framework in Frameworks */ = {isa = PBXBuildFile; fileRef = 261EB86618DDB631009DDF78 /* UIKit.framework */; };
		261EB88418DDB631009DDF78 /* CoreData.framework in Frameworks */ = {isa = PBXBuildFile; fileRef = 261EB86818DDB631009DDF78 /* CoreData.framework */; };
		261EB88C18DDB631009DDF78 /* InfoPlist.strings in Resources */ = {isa = PBXBuildFile; fileRef = 261EB88A18DDB631009DDF78 /* InfoPlist.strings */; };
		261EB88E18DDB631009DDF78 /* SpareTests.m in Sources */ = {isa = PBXBuildFile; fileRef = 261EB88D18DDB631009DDF78 /* SpareTests.m */; };
		262F839B1CCE3E5300EDDDEE /* LoadAppVC.swift in Sources */ = {isa = PBXBuildFile; fileRef = 262F839A1CCE3E5300EDDDEE /* LoadAppVC.swift */; };
		262F839D1CCE3E6C00EDDDEE /* LoadAppOperation.swift in Sources */ = {isa = PBXBuildFile; fileRef = 262F839C1CCE3E6C00EDDDEE /* LoadAppOperation.swift */; };
		265849021D0AD5C10047BCFA /* __HVCCell.xib in Resources */ = {isa = PBXBuildFile; fileRef = 265849011D0AD5C10047BCFA /* __HVCCell.xib */; };
		265849041D0ADD0D0047BCFA /* __SVCGraphView.xib in Resources */ = {isa = PBXBuildFile; fileRef = 265849031D0ADD0D0047BCFA /* __SVCGraphView.xib */; };
		265849061D0ADDF60047BCFA /* __SVCGraphView.swift in Sources */ = {isa = PBXBuildFile; fileRef = 265849051D0ADDF60047BCFA /* __SVCGraphView.swift */; };
		265849081D0ADF370047BCFA /* __SVCSegmentedCircle.swift in Sources */ = {isa = PBXBuildFile; fileRef = 265849071D0ADF370047BCFA /* __SVCSegmentedCircle.swift */; };
		2666C2C61957CF7A003752BF /* SystemConfiguration.framework in Frameworks */ = {isa = PBXBuildFile; fileRef = 2666C2C41957CF7A003752BF /* SystemConfiguration.framework */; };
		2666C2C81957CF93003752BF /* libz.dylib in Frameworks */ = {isa = PBXBuildFile; fileRef = 2666C2C71957CF93003752BF /* libz.dylib */; };
		2666C2CA1957CFA1003752BF /* libsqlite3.dylib in Frameworks */ = {isa = PBXBuildFile; fileRef = 2666C2C91957CFA1003752BF /* libsqlite3.dylib */; };
		266946831CC7711000A68424 /* Default-568h@2x.png in Resources */ = {isa = PBXBuildFile; fileRef = 266946491CC7711000A68424 /* Default-568h@2x.png */; };
		266946841CC7711000A68424 /* Default@2x.png in Resources */ = {isa = PBXBuildFile; fileRef = 2669464A1CC7711000A68424 /* Default@2x.png */; };
		266946851CC7711000A68424 /* InfoPlist.strings in Resources */ = {isa = PBXBuildFile; fileRef = 2669464B1CC7711000A68424 /* InfoPlist.strings */; };
		266946861CC7711000A68424 /* Icon-40@2x.png in Resources */ = {isa = PBXBuildFile; fileRef = 2669464D1CC7711000A68424 /* Icon-40@2x.png */; };
		266946871CC7711000A68424 /* Icon-60@2x.png in Resources */ = {isa = PBXBuildFile; fileRef = 2669464E1CC7711000A68424 /* Icon-60@2x.png */; };
		266946881CC7711000A68424 /* Icon-Small@2x.png in Resources */ = {isa = PBXBuildFile; fileRef = 2669464F1CC7711000A68424 /* Icon-Small@2x.png */; };
		266946891CC7711000A68424 /* Icon@2x.png in Resources */ = {isa = PBXBuildFile; fileRef = 266946501CC7711000A68424 /* Icon@2x.png */; };
		2669468A1CC7711000A68424 /* Images.xcassets in Resources */ = {isa = PBXBuildFile; fileRef = 266946511CC7711000A68424 /* Images.xcassets */; };
		2669468B1CC7711000A68424 /* iPhone.storyboard in Resources */ = {isa = PBXBuildFile; fileRef = 266946521CC7711000A68424 /* iPhone.storyboard */; };
		2669468E1CC7711000A68424 /* Spare-Info.plist in Resources */ = {isa = PBXBuildFile; fileRef = 266946551CC7711000A68424 /* Spare-Info.plist */; };
		2669468F1CC7711000A68424 /* Spare.xcdatamodeld in Sources */ = {isa = PBXBuildFile; fileRef = 266946571CC7711000A68424 /* Spare.xcdatamodeld */; };
		266946931CC77A1A00A68424 /* AppDelegate.swift in Sources */ = {isa = PBXBuildFile; fileRef = 266946921CC77A1A00A68424 /* AppDelegate.swift */; };
		2687FA2F1D0EC2E900D544F5 /* App.swift in Sources */ = {isa = PBXBuildFile; fileRef = 2687FA271D0EC2E900D544F5 /* App.swift */; };
		2687FA301D0EC2E900D544F5 /* Color.swift in Sources */ = {isa = PBXBuildFile; fileRef = 2687FA281D0EC2E900D544F5 /* Color.swift */; };
		2687FA311D0EC2E900D544F5 /* Error.swift in Sources */ = {isa = PBXBuildFile; fileRef = 2687FA291D0EC2E900D544F5 /* Error.swift */; };
		2687FA321D0EC2E900D544F5 /* Font.swift in Sources */ = {isa = PBXBuildFile; fileRef = 2687FA2A1D0EC2E900D544F5 /* Font.swift */; };
		2687FA331D0EC2E900D544F5 /* GlobalFunctions.swift in Sources */ = {isa = PBXBuildFile; fileRef = 2687FA2B1D0EC2E900D544F5 /* GlobalFunctions.swift */; };
		2687FA341D0EC2E900D544F5 /* Icon.swift in Sources */ = {isa = PBXBuildFile; fileRef = 2687FA2C1D0EC2E900D544F5 /* Icon.swift */; };
		2687FA351D0EC2E900D544F5 /* PaymentMethod.swift in Sources */ = {isa = PBXBuildFile; fileRef = 2687FA2D1D0EC2E900D544F5 /* PaymentMethod.swift */; };
		2687FA361D0EC2E900D544F5 /* Strings.swift in Sources */ = {isa = PBXBuildFile; fileRef = 2687FA2E1D0EC2E900D544F5 /* Strings.swift */; };
		268BBDAE1D08E99C005C6BD8 /* Lato-Black.ttf in Resources */ = {isa = PBXBuildFile; fileRef = 268BBDA41D08E99C005C6BD8 /* Lato-Black.ttf */; };
		268BBDAF1D08E99C005C6BD8 /* Lato-BlackItalic.ttf in Resources */ = {isa = PBXBuildFile; fileRef = 268BBDA51D08E99C005C6BD8 /* Lato-BlackItalic.ttf */; };
		268BBDB01D08E99C005C6BD8 /* Lato-Bold.ttf in Resources */ = {isa = PBXBuildFile; fileRef = 268BBDA61D08E99C005C6BD8 /* Lato-Bold.ttf */; };
		268BBDB11D08E99C005C6BD8 /* Lato-BoldItalic.ttf in Resources */ = {isa = PBXBuildFile; fileRef = 268BBDA71D08E99C005C6BD8 /* Lato-BoldItalic.ttf */; };
		268BBDB21D08E99C005C6BD8 /* Lato-Hairline.ttf in Resources */ = {isa = PBXBuildFile; fileRef = 268BBDA81D08E99C005C6BD8 /* Lato-Hairline.ttf */; };
		268BBDB31D08E99C005C6BD8 /* Lato-HairlineItalic.ttf in Resources */ = {isa = PBXBuildFile; fileRef = 268BBDA91D08E99C005C6BD8 /* Lato-HairlineItalic.ttf */; };
		268BBDB41D08E99C005C6BD8 /* Lato-Italic.ttf in Resources */ = {isa = PBXBuildFile; fileRef = 268BBDAA1D08E99C005C6BD8 /* Lato-Italic.ttf */; };
		268BBDB51D08E99C005C6BD8 /* Lato-Light.ttf in Resources */ = {isa = PBXBuildFile; fileRef = 268BBDAB1D08E99C005C6BD8 /* Lato-Light.ttf */; };
		268BBDB61D08E99C005C6BD8 /* Lato-LightItalic.ttf in Resources */ = {isa = PBXBuildFile; fileRef = 268BBDAC1D08E99C005C6BD8 /* Lato-LightItalic.ttf */; };
		268BBDB71D08E99C005C6BD8 /* Lato-Regular.ttf in Resources */ = {isa = PBXBuildFile; fileRef = 268BBDAD1D08E99C005C6BD8 /* Lato-Regular.ttf */; };
		268D23E01D001022006B8D0B /* __HVCCell.swift in Sources */ = {isa = PBXBuildFile; fileRef = 268D23D81D001022006B8D0B /* __HVCCell.swift */; };
		268D23EC1D001E79006B8D0B /* HomeVC.swift in Sources */ = {isa = PBXBuildFile; fileRef = 268D23EB1D001E79006B8D0B /* HomeVC.swift */; };
		268D23EF1D003573006B8D0B /* SummaryVC.swift in Sources */ = {isa = PBXBuildFile; fileRef = 268D23EE1D003573006B8D0B /* SummaryVC.swift */; };
		268D23F11D00370B006B8D0B /* __SVCBannerView.xib in Resources */ = {isa = PBXBuildFile; fileRef = 268D23F01D00370B006B8D0B /* __SVCBannerView.xib */; };
		269D49F21CE1610100109990 /* __CEVCView.swift in Sources */ = {isa = PBXBuildFile; fileRef = 269D49EA1CE1610100109990 /* __CEVCView.swift */; };
		269D49F31CE1610100109990 /* __CEVCView.xib in Resources */ = {isa = PBXBuildFile; fileRef = 269D49EB1CE1610100109990 /* __CEVCView.xib */; };
		269D49F41CE1610100109990 /* CategoryEditorVC.swift in Sources */ = {isa = PBXBuildFile; fileRef = 269D49EC1CE1610100109990 /* CategoryEditorVC.swift */; };
		269D49F51CE1610100109990 /* HRColorMapView.swift in Sources */ = {isa = PBXBuildFile; fileRef = 269D49ED1CE1610100109990 /* HRColorMapView.swift */; };
		269D49F61CE1610100109990 /* __EEVCView.swift in Sources */ = {isa = PBXBuildFile; fileRef = 269D49EF1CE1610100109990 /* __EEVCView.swift */; };
		269D49F71CE1610100109990 /* __EEVCView.xib in Resources */ = {isa = PBXBuildFile; fileRef = 269D49F01CE1610100109990 /* __EEVCView.xib */; };
		269D49F81CE1610100109990 /* ExpenseEditorVC.swift in Sources */ = {isa = PBXBuildFile; fileRef = 269D49F11CE1610100109990 /* ExpenseEditorVC.swift */; };
		269D49FA1CE1643400109990 /* AddCategoryVC.swift in Sources */ = {isa = PBXBuildFile; fileRef = 269D49F91CE1643400109990 /* AddCategoryVC.swift */; };
		269D49FC1CE1643A00109990 /* AddExpenseVC.swift in Sources */ = {isa = PBXBuildFile; fileRef = 269D49FB1CE1643A00109990 /* AddExpenseVC.swift */; };
		269D49FE1CE1649500109990 /* ModalNavBarVC.swift in Sources */ = {isa = PBXBuildFile; fileRef = 269D49FD1CE1649500109990 /* ModalNavBarVC.swift */; };
		269D4A021CE16DCA00109990 /* ValidateCategoryOperation.swift in Sources */ = {isa = PBXBuildFile; fileRef = 269D4A011CE16DCA00109990 /* ValidateCategoryOperation.swift */; };
		26A6CDE11CDB18EA00309A84 /* AddButton.swift in Sources */ = {isa = PBXBuildFile; fileRef = 26A6CDE01CDB18EA00309A84 /* AddButton.swift */; };
		26BC4F931CE36CD90011BE98 /* Summary.swift in Sources */ = {isa = PBXBuildFile; fileRef = 26BC4F911CE36CD90011BE98 /* Summary.swift */; };
		26BC4F941CE36CD90011BE98 /* Summary+CoreDataProperties.swift in Sources */ = {isa = PBXBuildFile; fileRef = 26BC4F921CE36CD90011BE98 /* Summary+CoreDataProperties.swift */; };
		26BC4F961CE429AE0011BE98 /* ValidateExpenseOperation.swift in Sources */ = {isa = PBXBuildFile; fileRef = 26BC4F951CE429AE0011BE98 /* ValidateExpenseOperation.swift */; };
		26BC4FA11CE45D260011BE98 /* __EEVCPickerTextField.swift in Sources */ = {isa = PBXBuildFile; fileRef = 26BC4FA01CE45D260011BE98 /* __EEVCPickerTextField.swift */; };
		26C2D5C21CDB5E4800BC73FC /* AddButtonProgressView.swift in Sources */ = {isa = PBXBuildFile; fileRef = 26C2D5C11CDB5E4800BC73FC /* AddButtonProgressView.swift */; };
		26C962101D083088007EBA41 /* __SVCCell.swift in Sources */ = {isa = PBXBuildFile; fileRef = 26C9620F1D083088007EBA41 /* __SVCCell.swift */; };
		26C962121D0839A4007EBA41 /* __SVCCell.xib in Resources */ = {isa = PBXBuildFile; fileRef = 26C962111D0839A4007EBA41 /* __SVCCell.xib */; };
		26E2D37C1CE0E3BA00BA357F /* BaseFormVC.swift in Sources */ = {isa = PBXBuildFile; fileRef = 26E2D37B1CE0E3BA00BA357F /* BaseFormVC.swift */; };
		26E34A571D057BE8002CE4E8 /* __SVCBannerView.swift in Sources */ = {isa = PBXBuildFile; fileRef = 26E34A561D057BE8002CE4E8 /* __SVCBannerView.swift */; };
		26E4E0591937AF690096191A /* QuartzCore.framework in Frameworks */ = {isa = PBXBuildFile; fileRef = 26E4E0581937AF690096191A /* QuartzCore.framework */; };
		26E6EDB41CDBA6C60034EEDE /* AddButtonProgressView.xib in Resources */ = {isa = PBXBuildFile; fileRef = 26E6EDB31CDBA6C60034EEDE /* AddButtonProgressView.xib */; };
		26E7FA7B1CDB332F000E2181 /* BaseTabButton.swift in Sources */ = {isa = PBXBuildFile; fileRef = 26E7FA7A1CDB332F000E2181 /* BaseTabButton.swift */; };
		26EFA0031CD9C8F100714E5D /* MainContainerVC.swift in Sources */ = {isa = PBXBuildFile; fileRef = 26EFA0021CD9C8F100714E5D /* MainContainerVC.swift */; };
		26EFA0051CD9C91A00714E5D /* __MCVCView.xib in Resources */ = {isa = PBXBuildFile; fileRef = 26EFA0041CD9C91A00714E5D /* __MCVCView.xib */; };
		26EFA0071CD9C92F00714E5D /* __MCVCView.swift in Sources */ = {isa = PBXBuildFile; fileRef = 26EFA0061CD9C92F00714E5D /* __MCVCView.swift */; };
		26EFA0091CD9DB0A00714E5D /* TabButton.swift in Sources */ = {isa = PBXBuildFile; fileRef = 26EFA0081CD9DB0A00714E5D /* TabButton.swift */; };
		26EFA00B1CD9DE8100714E5D /* spare-v2.ttf in Resources */ = {isa = PBXBuildFile; fileRef = 26EFA00A1CD9DE8100714E5D /* spare-v2.ttf */; };
		26EFA00D1CD9DFF900714E5D /* MainTabBar.swift in Sources */ = {isa = PBXBuildFile; fileRef = 26EFA00C1CD9DFF900714E5D /* MainTabBar.swift */; };
		26EFA00F1CD9E00200714E5D /* MainTabBar.xib in Resources */ = {isa = PBXBuildFile; fileRef = 26EFA00E1CD9E00200714E5D /* MainTabBar.xib */; };
		C5207A739D770B38693548B5 /* Pods.framework in Frameworks */ = {isa = PBXBuildFile; fileRef = 59C2B0311ED5D0556A5A2FEF /* Pods.framework */; };
/* End PBXBuildFile section */

/* Begin PBXContainerItemProxy section */
		2600242F1CC8C53A00EB2026 /* PBXContainerItemProxy */ = {
			isa = PBXContainerItemProxy;
			containerPortal = 260023B51CC7D9CE00EB2026 /* Mold.xcodeproj */;
			proxyType = 2;
			remoteGlobalIDString = 26904D301C7757540094DA08;
			remoteInfo = Mold;
		};
		260024331CC8C5AE00EB2026 /* PBXContainerItemProxy */ = {
			isa = PBXContainerItemProxy;
			containerPortal = 260023B51CC7D9CE00EB2026 /* Mold.xcodeproj */;
			proxyType = 1;
			remoteGlobalIDString = 26904D2F1C7757540094DA08;
			remoteInfo = Mold;
		};
		261EB88518DDB631009DDF78 /* PBXContainerItemProxy */ = {
			isa = PBXContainerItemProxy;
			containerPortal = 261EB85718DDB630009DDF78 /* Project object */;
			proxyType = 1;
			remoteGlobalIDString = 261EB85E18DDB630009DDF78;
			remoteInfo = Spare;
		};
/* End PBXContainerItemProxy section */

/* Begin PBXCopyFilesBuildPhase section */
		260024041CC7E38D00EB2026 /* Embed Frameworks */ = {
			isa = PBXCopyFilesBuildPhase;
			buildActionMask = 2147483647;
			dstPath = "";
			dstSubfolderSpec = 10;
			files = (
				260024321CC8C5AE00EB2026 /* Mold.framework in Embed Frameworks */,
			);
			name = "Embed Frameworks";
			runOnlyForDeploymentPostprocessing = 0;
		};
/* End PBXCopyFilesBuildPhase section */

/* Begin PBXFileReference section */
		260023B51CC7D9CE00EB2026 /* Mold.xcodeproj */ = {isa = PBXFileReference; lastKnownFileType = "wrapper.pb-project"; name = Mold.xcodeproj; path = Mold/Mold.xcodeproj; sourceTree = "<group>"; };
		260023FD1CC7E0B000EB2026 /* Mold.framework */ = {isa = PBXFileReference; lastKnownFileType = wrapper.framework; name = Mold.framework; path = "Mold/build/Debug-iphoneos/Mold.framework"; sourceTree = "<group>"; };
		2600240F1CC7E5F300EB2026 /* SettingsVC.swift */ = {isa = PBXFileReference; fileEncoding = 4; lastKnownFileType = sourcecode.swift; path = SettingsVC.swift; sourceTree = "<group>"; };
		2603F8C21CCA45FF007F311F /* LaunchScreen.storyboard */ = {isa = PBXFileReference; fileEncoding = 4; lastKnownFileType = file.storyboard; path = LaunchScreen.storyboard; sourceTree = "<group>"; };
		2603F8C61CCA476E007F311F /* Spare_v2.0.xcdatamodel */ = {isa = PBXFileReference; lastKnownFileType = wrapper.xcdatamodel; path = Spare_v2.0.xcdatamodel; sourceTree = "<group>"; };
		2603F8C81CCA4C10007F311F /* Expense+CoreDataProperties.swift */ = {isa = PBXFileReference; fileEncoding = 4; lastKnownFileType = sourcecode.swift; path = "Expense+CoreDataProperties.swift"; sourceTree = "<group>"; };
		2603F8C91CCA4C10007F311F /* Expense.swift */ = {isa = PBXFileReference; fileEncoding = 4; lastKnownFileType = sourcecode.swift; path = Expense.swift; sourceTree = "<group>"; };
		2603F8CC1CCA4C10007F311F /* Category+CoreDataProperties.swift */ = {isa = PBXFileReference; fileEncoding = 4; lastKnownFileType = sourcecode.swift; path = "Category+CoreDataProperties.swift"; sourceTree = "<group>"; };
		2603F8CD1CCA4C10007F311F /* Category.swift */ = {isa = PBXFileReference; fileEncoding = 4; lastKnownFileType = sourcecode.swift; path = Category.swift; sourceTree = "<group>"; };
		261EB85F18DDB630009DDF78 /* Spare.app */ = {isa = PBXFileReference; explicitFileType = wrapper.application; includeInIndex = 0; path = Spare.app; sourceTree = BUILT_PRODUCTS_DIR; };
		261EB86218DDB630009DDF78 /* Foundation.framework */ = {isa = PBXFileReference; lastKnownFileType = wrapper.framework; name = Foundation.framework; path = System/Library/Frameworks/Foundation.framework; sourceTree = SDKROOT; };
		261EB86418DDB630009DDF78 /* CoreGraphics.framework */ = {isa = PBXFileReference; lastKnownFileType = wrapper.framework; name = CoreGraphics.framework; path = System/Library/Frameworks/CoreGraphics.framework; sourceTree = SDKROOT; };
		261EB86618DDB631009DDF78 /* UIKit.framework */ = {isa = PBXFileReference; lastKnownFileType = wrapper.framework; name = UIKit.framework; path = System/Library/Frameworks/UIKit.framework; sourceTree = SDKROOT; };
		261EB86818DDB631009DDF78 /* CoreData.framework */ = {isa = PBXFileReference; lastKnownFileType = wrapper.framework; name = CoreData.framework; path = System/Library/Frameworks/CoreData.framework; sourceTree = SDKROOT; };
		261EB87F18DDB631009DDF78 /* SpareTests.xctest */ = {isa = PBXFileReference; explicitFileType = wrapper.cfbundle; includeInIndex = 0; path = SpareTests.xctest; sourceTree = BUILT_PRODUCTS_DIR; };
		261EB88018DDB631009DDF78 /* XCTest.framework */ = {isa = PBXFileReference; lastKnownFileType = wrapper.framework; name = XCTest.framework; path = Library/Frameworks/XCTest.framework; sourceTree = DEVELOPER_DIR; };
		261EB88918DDB631009DDF78 /* SpareTests-Info.plist */ = {isa = PBXFileReference; lastKnownFileType = text.plist.xml; path = "SpareTests-Info.plist"; sourceTree = "<group>"; };
		261EB88B18DDB631009DDF78 /* en */ = {isa = PBXFileReference; lastKnownFileType = text.plist.strings; name = en; path = en.lproj/InfoPlist.strings; sourceTree = "<group>"; };
		261EB88D18DDB631009DDF78 /* SpareTests.m */ = {isa = PBXFileReference; lastKnownFileType = sourcecode.c.objc; path = SpareTests.m; sourceTree = "<group>"; };
		262F839A1CCE3E5300EDDDEE /* LoadAppVC.swift */ = {isa = PBXFileReference; fileEncoding = 4; lastKnownFileType = sourcecode.swift; path = LoadAppVC.swift; sourceTree = "<group>"; };
		262F839C1CCE3E6C00EDDDEE /* LoadAppOperation.swift */ = {isa = PBXFileReference; fileEncoding = 4; lastKnownFileType = sourcecode.swift; path = LoadAppOperation.swift; sourceTree = "<group>"; };
		265849011D0AD5C10047BCFA /* __HVCCell.xib */ = {isa = PBXFileReference; fileEncoding = 4; lastKnownFileType = file.xib; path = __HVCCell.xib; sourceTree = "<group>"; };
		265849031D0ADD0D0047BCFA /* __SVCGraphView.xib */ = {isa = PBXFileReference; fileEncoding = 4; lastKnownFileType = file.xib; path = __SVCGraphView.xib; sourceTree = "<group>"; };
		265849051D0ADDF60047BCFA /* __SVCGraphView.swift */ = {isa = PBXFileReference; fileEncoding = 4; lastKnownFileType = sourcecode.swift; path = __SVCGraphView.swift; sourceTree = "<group>"; };
		265849071D0ADF370047BCFA /* __SVCSegmentedCircle.swift */ = {isa = PBXFileReference; fileEncoding = 4; lastKnownFileType = sourcecode.swift; path = __SVCSegmentedCircle.swift; sourceTree = "<group>"; };
		2666C2C11957CF4F003752BF /* libGoogleAnalyticsServices.a */ = {isa = PBXFileReference; lastKnownFileType = archive.ar; name = libGoogleAnalyticsServices.a; path = GoogleAnalytics/libGoogleAnalyticsServices.a; sourceTree = "<group>"; };
		2666C2C31957CF7A003752BF /* AdSupport.framework */ = {isa = PBXFileReference; lastKnownFileType = wrapper.framework; name = AdSupport.framework; path = System/Library/Frameworks/AdSupport.framework; sourceTree = SDKROOT; };
		2666C2C41957CF7A003752BF /* SystemConfiguration.framework */ = {isa = PBXFileReference; lastKnownFileType = wrapper.framework; name = SystemConfiguration.framework; path = System/Library/Frameworks/SystemConfiguration.framework; sourceTree = SDKROOT; };
		2666C2C71957CF93003752BF /* libz.dylib */ = {isa = PBXFileReference; lastKnownFileType = "compiled.mach-o.dylib"; name = libz.dylib; path = usr/lib/libz.dylib; sourceTree = SDKROOT; };
		2666C2C91957CFA1003752BF /* libsqlite3.dylib */ = {isa = PBXFileReference; lastKnownFileType = "compiled.mach-o.dylib"; name = libsqlite3.dylib; path = usr/lib/libsqlite3.dylib; sourceTree = SDKROOT; };
		266946491CC7711000A68424 /* Default-568h@2x.png */ = {isa = PBXFileReference; lastKnownFileType = image.png; path = "Default-568h@2x.png"; sourceTree = "<group>"; };
		2669464A1CC7711000A68424 /* Default@2x.png */ = {isa = PBXFileReference; lastKnownFileType = image.png; path = "Default@2x.png"; sourceTree = "<group>"; };
		2669464C1CC7711000A68424 /* en */ = {isa = PBXFileReference; lastKnownFileType = text.plist.strings; name = en; path = en.lproj/InfoPlist.strings; sourceTree = "<group>"; };
		2669464D1CC7711000A68424 /* Icon-40@2x.png */ = {isa = PBXFileReference; lastKnownFileType = image.png; path = "Icon-40@2x.png"; sourceTree = "<group>"; };
		2669464E1CC7711000A68424 /* Icon-60@2x.png */ = {isa = PBXFileReference; lastKnownFileType = image.png; path = "Icon-60@2x.png"; sourceTree = "<group>"; };
		2669464F1CC7711000A68424 /* Icon-Small@2x.png */ = {isa = PBXFileReference; lastKnownFileType = image.png; path = "Icon-Small@2x.png"; sourceTree = "<group>"; };
		266946501CC7711000A68424 /* Icon@2x.png */ = {isa = PBXFileReference; lastKnownFileType = image.png; path = "Icon@2x.png"; sourceTree = "<group>"; };
		266946511CC7711000A68424 /* Images.xcassets */ = {isa = PBXFileReference; lastKnownFileType = folder.assetcatalog; path = Images.xcassets; sourceTree = "<group>"; };
		266946521CC7711000A68424 /* iPhone.storyboard */ = {isa = PBXFileReference; fileEncoding = 4; lastKnownFileType = file.storyboard; path = iPhone.storyboard; sourceTree = "<group>"; };
		266946551CC7711000A68424 /* Spare-Info.plist */ = {isa = PBXFileReference; fileEncoding = 4; lastKnownFileType = text.plist.xml; path = "Spare-Info.plist"; sourceTree = "<group>"; };
		266946581CC7711000A68424 /* Spare.xcdatamodel */ = {isa = PBXFileReference; lastKnownFileType = wrapper.xcdatamodel; path = Spare.xcdatamodel; sourceTree = "<group>"; };
		266946911CC77A1900A68424 /* Spare-Bridging-Header.h */ = {isa = PBXFileReference; lastKnownFileType = sourcecode.c.h; path = "Spare-Bridging-Header.h"; sourceTree = "<group>"; };
		266946921CC77A1A00A68424 /* AppDelegate.swift */ = {isa = PBXFileReference; fileEncoding = 4; lastKnownFileType = sourcecode.swift; path = AppDelegate.swift; sourceTree = "<group>"; };
		2687FA271D0EC2E900D544F5 /* App.swift */ = {isa = PBXFileReference; fileEncoding = 4; lastKnownFileType = sourcecode.swift; path = App.swift; sourceTree = "<group>"; };
		2687FA281D0EC2E900D544F5 /* Color.swift */ = {isa = PBXFileReference; fileEncoding = 4; lastKnownFileType = sourcecode.swift; path = Color.swift; sourceTree = "<group>"; };
		2687FA291D0EC2E900D544F5 /* Error.swift */ = {isa = PBXFileReference; fileEncoding = 4; lastKnownFileType = sourcecode.swift; path = Error.swift; sourceTree = "<group>"; };
		2687FA2A1D0EC2E900D544F5 /* Font.swift */ = {isa = PBXFileReference; fileEncoding = 4; lastKnownFileType = sourcecode.swift; path = Font.swift; sourceTree = "<group>"; };
		2687FA2B1D0EC2E900D544F5 /* GlobalFunctions.swift */ = {isa = PBXFileReference; fileEncoding = 4; lastKnownFileType = sourcecode.swift; path = GlobalFunctions.swift; sourceTree = "<group>"; };
		2687FA2C1D0EC2E900D544F5 /* Icon.swift */ = {isa = PBXFileReference; fileEncoding = 4; lastKnownFileType = sourcecode.swift; path = Icon.swift; sourceTree = "<group>"; };
		2687FA2D1D0EC2E900D544F5 /* PaymentMethod.swift */ = {isa = PBXFileReference; fileEncoding = 4; lastKnownFileType = sourcecode.swift; path = PaymentMethod.swift; sourceTree = "<group>"; };
		2687FA2E1D0EC2E900D544F5 /* Strings.swift */ = {isa = PBXFileReference; fileEncoding = 4; lastKnownFileType = sourcecode.swift; path = Strings.swift; sourceTree = "<group>"; };
		268BBDA41D08E99C005C6BD8 /* Lato-Black.ttf */ = {isa = PBXFileReference; lastKnownFileType = file; path = "Lato-Black.ttf"; sourceTree = "<group>"; };
		268BBDA51D08E99C005C6BD8 /* Lato-BlackItalic.ttf */ = {isa = PBXFileReference; lastKnownFileType = file; path = "Lato-BlackItalic.ttf"; sourceTree = "<group>"; };
		268BBDA61D08E99C005C6BD8 /* Lato-Bold.ttf */ = {isa = PBXFileReference; lastKnownFileType = file; path = "Lato-Bold.ttf"; sourceTree = "<group>"; };
		268BBDA71D08E99C005C6BD8 /* Lato-BoldItalic.ttf */ = {isa = PBXFileReference; lastKnownFileType = file; path = "Lato-BoldItalic.ttf"; sourceTree = "<group>"; };
		268BBDA81D08E99C005C6BD8 /* Lato-Hairline.ttf */ = {isa = PBXFileReference; lastKnownFileType = file; path = "Lato-Hairline.ttf"; sourceTree = "<group>"; };
		268BBDA91D08E99C005C6BD8 /* Lato-HairlineItalic.ttf */ = {isa = PBXFileReference; lastKnownFileType = file; path = "Lato-HairlineItalic.ttf"; sourceTree = "<group>"; };
		268BBDAA1D08E99C005C6BD8 /* Lato-Italic.ttf */ = {isa = PBXFileReference; lastKnownFileType = file; path = "Lato-Italic.ttf"; sourceTree = "<group>"; };
		268BBDAB1D08E99C005C6BD8 /* Lato-Light.ttf */ = {isa = PBXFileReference; lastKnownFileType = file; path = "Lato-Light.ttf"; sourceTree = "<group>"; };
		268BBDAC1D08E99C005C6BD8 /* Lato-LightItalic.ttf */ = {isa = PBXFileReference; lastKnownFileType = file; path = "Lato-LightItalic.ttf"; sourceTree = "<group>"; };
		268BBDAD1D08E99C005C6BD8 /* Lato-Regular.ttf */ = {isa = PBXFileReference; lastKnownFileType = file; path = "Lato-Regular.ttf"; sourceTree = "<group>"; };
		268D23D81D001022006B8D0B /* __HVCCell.swift */ = {isa = PBXFileReference; fileEncoding = 4; lastKnownFileType = sourcecode.swift; path = __HVCCell.swift; sourceTree = "<group>"; };
		268D23EB1D001E79006B8D0B /* HomeVC.swift */ = {isa = PBXFileReference; fileEncoding = 4; lastKnownFileType = sourcecode.swift; path = HomeVC.swift; sourceTree = "<group>"; };
		268D23EE1D003573006B8D0B /* SummaryVC.swift */ = {isa = PBXFileReference; fileEncoding = 4; lastKnownFileType = sourcecode.swift; path = SummaryVC.swift; sourceTree = "<group>"; };
		268D23F01D00370B006B8D0B /* __SVCBannerView.xib */ = {isa = PBXFileReference; fileEncoding = 4; lastKnownFileType = file.xib; path = __SVCBannerView.xib; sourceTree = "<group>"; };
		269D49EA1CE1610100109990 /* __CEVCView.swift */ = {isa = PBXFileReference; fileEncoding = 4; lastKnownFileType = sourcecode.swift; path = __CEVCView.swift; sourceTree = "<group>"; };
		269D49EB1CE1610100109990 /* __CEVCView.xib */ = {isa = PBXFileReference; fileEncoding = 4; lastKnownFileType = file.xib; path = __CEVCView.xib; sourceTree = "<group>"; };
		269D49EC1CE1610100109990 /* CategoryEditorVC.swift */ = {isa = PBXFileReference; fileEncoding = 4; lastKnownFileType = sourcecode.swift; path = CategoryEditorVC.swift; sourceTree = "<group>"; };
		269D49ED1CE1610100109990 /* HRColorMapView.swift */ = {isa = PBXFileReference; fileEncoding = 4; lastKnownFileType = sourcecode.swift; path = HRColorMapView.swift; sourceTree = "<group>"; };
		269D49EF1CE1610100109990 /* __EEVCView.swift */ = {isa = PBXFileReference; fileEncoding = 4; lastKnownFileType = sourcecode.swift; path = __EEVCView.swift; sourceTree = "<group>"; };
		269D49F01CE1610100109990 /* __EEVCView.xib */ = {isa = PBXFileReference; fileEncoding = 4; lastKnownFileType = file.xib; path = __EEVCView.xib; sourceTree = "<group>"; };
		269D49F11CE1610100109990 /* ExpenseEditorVC.swift */ = {isa = PBXFileReference; fileEncoding = 4; lastKnownFileType = sourcecode.swift; path = ExpenseEditorVC.swift; sourceTree = "<group>"; };
		269D49F91CE1643400109990 /* AddCategoryVC.swift */ = {isa = PBXFileReference; fileEncoding = 4; lastKnownFileType = sourcecode.swift; path = AddCategoryVC.swift; sourceTree = "<group>"; };
		269D49FB1CE1643A00109990 /* AddExpenseVC.swift */ = {isa = PBXFileReference; fileEncoding = 4; lastKnownFileType = sourcecode.swift; path = AddExpenseVC.swift; sourceTree = "<group>"; };
		269D49FD1CE1649500109990 /* ModalNavBarVC.swift */ = {isa = PBXFileReference; fileEncoding = 4; lastKnownFileType = sourcecode.swift; path = ModalNavBarVC.swift; sourceTree = "<group>"; };
		269D4A011CE16DCA00109990 /* ValidateCategoryOperation.swift */ = {isa = PBXFileReference; fileEncoding = 4; lastKnownFileType = sourcecode.swift; path = ValidateCategoryOperation.swift; sourceTree = "<group>"; };
		26A6CDE01CDB18EA00309A84 /* AddButton.swift */ = {isa = PBXFileReference; fileEncoding = 4; lastKnownFileType = sourcecode.swift; path = AddButton.swift; sourceTree = "<group>"; };
		26BC4F911CE36CD90011BE98 /* Summary.swift */ = {isa = PBXFileReference; fileEncoding = 4; lastKnownFileType = sourcecode.swift; path = Summary.swift; sourceTree = "<group>"; };
		26BC4F921CE36CD90011BE98 /* Summary+CoreDataProperties.swift */ = {isa = PBXFileReference; fileEncoding = 4; lastKnownFileType = sourcecode.swift; path = "Summary+CoreDataProperties.swift"; sourceTree = "<group>"; };
		26BC4F951CE429AE0011BE98 /* ValidateExpenseOperation.swift */ = {isa = PBXFileReference; fileEncoding = 4; lastKnownFileType = sourcecode.swift; path = ValidateExpenseOperation.swift; sourceTree = "<group>"; };
		26BC4FA01CE45D260011BE98 /* __EEVCPickerTextField.swift */ = {isa = PBXFileReference; fileEncoding = 4; lastKnownFileType = sourcecode.swift; path = __EEVCPickerTextField.swift; sourceTree = "<group>"; };
		26C2D5C11CDB5E4800BC73FC /* AddButtonProgressView.swift */ = {isa = PBXFileReference; fileEncoding = 4; lastKnownFileType = sourcecode.swift; path = AddButtonProgressView.swift; sourceTree = "<group>"; };
		26C9620F1D083088007EBA41 /* __SVCCell.swift */ = {isa = PBXFileReference; fileEncoding = 4; lastKnownFileType = sourcecode.swift; path = __SVCCell.swift; sourceTree = "<group>"; };
		26C962111D0839A4007EBA41 /* __SVCCell.xib */ = {isa = PBXFileReference; fileEncoding = 4; lastKnownFileType = file.xib; path = __SVCCell.xib; sourceTree = "<group>"; };
		26D4C8F41946E624001B42DC /* Crashlytics.framework */ = {isa = PBXFileReference; lastKnownFileType = wrapper.framework; path = Crashlytics.framework; sourceTree = "<group>"; };
		26E2D37B1CE0E3BA00BA357F /* BaseFormVC.swift */ = {isa = PBXFileReference; fileEncoding = 4; lastKnownFileType = sourcecode.swift; path = BaseFormVC.swift; sourceTree = "<group>"; };
		26E34A561D057BE8002CE4E8 /* __SVCBannerView.swift */ = {isa = PBXFileReference; fileEncoding = 4; lastKnownFileType = sourcecode.swift; path = __SVCBannerView.swift; sourceTree = "<group>"; };
		26E4E0581937AF690096191A /* QuartzCore.framework */ = {isa = PBXFileReference; lastKnownFileType = wrapper.framework; name = QuartzCore.framework; path = System/Library/Frameworks/QuartzCore.framework; sourceTree = SDKROOT; };
		26E6EDB31CDBA6C60034EEDE /* AddButtonProgressView.xib */ = {isa = PBXFileReference; fileEncoding = 4; lastKnownFileType = file.xib; path = AddButtonProgressView.xib; sourceTree = "<group>"; };
		26E7FA7A1CDB332F000E2181 /* BaseTabButton.swift */ = {isa = PBXFileReference; fileEncoding = 4; lastKnownFileType = sourcecode.swift; path = BaseTabButton.swift; sourceTree = "<group>"; };
		26EFA0021CD9C8F100714E5D /* MainContainerVC.swift */ = {isa = PBXFileReference; fileEncoding = 4; lastKnownFileType = sourcecode.swift; path = MainContainerVC.swift; sourceTree = "<group>"; };
		26EFA0041CD9C91A00714E5D /* __MCVCView.xib */ = {isa = PBXFileReference; fileEncoding = 4; lastKnownFileType = file.xib; path = __MCVCView.xib; sourceTree = "<group>"; };
		26EFA0061CD9C92F00714E5D /* __MCVCView.swift */ = {isa = PBXFileReference; fileEncoding = 4; lastKnownFileType = sourcecode.swift; path = __MCVCView.swift; sourceTree = "<group>"; };
		26EFA0081CD9DB0A00714E5D /* TabButton.swift */ = {isa = PBXFileReference; fileEncoding = 4; lastKnownFileType = sourcecode.swift; path = TabButton.swift; sourceTree = "<group>"; };
		26EFA00A1CD9DE8100714E5D /* spare-v2.ttf */ = {isa = PBXFileReference; lastKnownFileType = file; path = "spare-v2.ttf"; sourceTree = "<group>"; };
		26EFA00C1CD9DFF900714E5D /* MainTabBar.swift */ = {isa = PBXFileReference; fileEncoding = 4; lastKnownFileType = sourcecode.swift; path = MainTabBar.swift; sourceTree = "<group>"; };
		26EFA00E1CD9E00200714E5D /* MainTabBar.xib */ = {isa = PBXFileReference; fileEncoding = 4; lastKnownFileType = file.xib; path = MainTabBar.xib; sourceTree = "<group>"; };
		59C2B0311ED5D0556A5A2FEF /* Pods.framework */ = {isa = PBXFileReference; explicitFileType = wrapper.framework; includeInIndex = 0; path = Pods.framework; sourceTree = BUILT_PRODUCTS_DIR; };
		872D6B22773387201385F5D7 /* Pods.release.xcconfig */ = {isa = PBXFileReference; includeInIndex = 1; lastKnownFileType = text.xcconfig; name = Pods.release.xcconfig; path = "Pods/Target Support Files/Pods/Pods.release.xcconfig"; sourceTree = "<group>"; };
		D96F33C6E81927FC7DC69FEB /* Pods.debug.xcconfig */ = {isa = PBXFileReference; includeInIndex = 1; lastKnownFileType = text.xcconfig; name = Pods.debug.xcconfig; path = "Pods/Target Support Files/Pods/Pods.debug.xcconfig"; sourceTree = "<group>"; };
/* End PBXFileReference section */

/* Begin PBXFrameworksBuildPhase section */
		261EB85C18DDB630009DDF78 /* Frameworks */ = {
			isa = PBXFrameworksBuildPhase;
			buildActionMask = 2147483647;
			files = (
				2666C2CA1957CFA1003752BF /* libsqlite3.dylib in Frameworks */,
				2666C2C81957CF93003752BF /* libz.dylib in Frameworks */,
				261EB86518DDB630009DDF78 /* CoreGraphics.framework in Frameworks */,
				261EB86918DDB631009DDF78 /* CoreData.framework in Frameworks */,
				260024311CC8C5AE00EB2026 /* Mold.framework in Frameworks */,
				26E4E0591937AF690096191A /* QuartzCore.framework in Frameworks */,
				2666C2C61957CF7A003752BF /* SystemConfiguration.framework in Frameworks */,
				261EB86718DDB631009DDF78 /* UIKit.framework in Frameworks */,
				261EB86318DDB630009DDF78 /* Foundation.framework in Frameworks */,
				C5207A739D770B38693548B5 /* Pods.framework in Frameworks */,
			);
			runOnlyForDeploymentPostprocessing = 0;
		};
		261EB87C18DDB631009DDF78 /* Frameworks */ = {
			isa = PBXFrameworksBuildPhase;
			buildActionMask = 2147483647;
			files = (
				261EB88118DDB631009DDF78 /* XCTest.framework in Frameworks */,
				261EB88418DDB631009DDF78 /* CoreData.framework in Frameworks */,
				261EB88318DDB631009DDF78 /* UIKit.framework in Frameworks */,
				261EB88218DDB631009DDF78 /* Foundation.framework in Frameworks */,
			);
			runOnlyForDeploymentPostprocessing = 0;
		};
/* End PBXFrameworksBuildPhase section */

/* Begin PBXGroup section */
		260024051CC7E5F300EB2026 /* Screens */ = {
			isa = PBXGroup;
			children = (
				2600241B1CC7E6AE00EB2026 /* Base */,
				262F83991CCE3E4C00EDDDEE /* LoadApp */,
				26EFA0011CD9C8E800714E5D /* MainContainer */,
				260024081CC7E5F300EB2026 /* Home */,
				268D23ED1D003560006B8D0B /* Summary */,
				2600240E1CC7E5F300EB2026 /* Settings */,
				269D49E91CE1610100109990 /* CategoryEditor */,
				269D49EE1CE1610100109990 /* ExpenseEditor */,
			);
			path = Screens;
			sourceTree = "<group>";
		};
		260024081CC7E5F300EB2026 /* Home */ = {
			isa = PBXGroup;
			children = (
				268D23EB1D001E79006B8D0B /* HomeVC.swift */,
				268D23D81D001022006B8D0B /* __HVCCell.swift */,
				265849011D0AD5C10047BCFA /* __HVCCell.xib */,
			);
			path = Home;
			sourceTree = "<group>";
		};
		2600240E1CC7E5F300EB2026 /* Settings */ = {
			isa = PBXGroup;
			children = (
				2600240F1CC7E5F300EB2026 /* SettingsVC.swift */,
			);
			path = Settings;
			sourceTree = "<group>";
		};
		2600241B1CC7E6AE00EB2026 /* Base */ = {
			isa = PBXGroup;
			children = (
				26E2D37B1CE0E3BA00BA357F /* BaseFormVC.swift */,
				269D49FD1CE1649500109990 /* ModalNavBarVC.swift */,
			);
			path = Base;
			sourceTree = "<group>";
		};
		2600242C1CC8C53A00EB2026 /* Products */ = {
			isa = PBXGroup;
			children = (
				260024301CC8C53A00EB2026 /* Mold.framework */,
			);
			name = Products;
			sourceTree = "<group>";
		};
		2603F8C71CCA4BD1007F311F /* Core Data */ = {
			isa = PBXGroup;
			children = (
				26BC4F911CE36CD90011BE98 /* Summary.swift */,
				26BC4F921CE36CD90011BE98 /* Summary+CoreDataProperties.swift */,
				2603F8C81CCA4C10007F311F /* Expense+CoreDataProperties.swift */,
				2603F8C91CCA4C10007F311F /* Expense.swift */,
				2603F8CC1CCA4C10007F311F /* Category+CoreDataProperties.swift */,
				2603F8CD1CCA4C10007F311F /* Category.swift */,
			);
			path = "Core Data";
			sourceTree = "<group>";
		};
		261370A91CD7A114007BAF56 /* Fonts */ = {
			isa = PBXGroup;
			children = (
				26EFA00A1CD9DE8100714E5D /* spare-v2.ttf */,
				268BBDA41D08E99C005C6BD8 /* Lato-Black.ttf */,
				268BBDA51D08E99C005C6BD8 /* Lato-BlackItalic.ttf */,
				268BBDA61D08E99C005C6BD8 /* Lato-Bold.ttf */,
				268BBDA71D08E99C005C6BD8 /* Lato-BoldItalic.ttf */,
				268BBDA81D08E99C005C6BD8 /* Lato-Hairline.ttf */,
				268BBDA91D08E99C005C6BD8 /* Lato-HairlineItalic.ttf */,
				268BBDAA1D08E99C005C6BD8 /* Lato-Italic.ttf */,
				268BBDAB1D08E99C005C6BD8 /* Lato-Light.ttf */,
				268BBDAC1D08E99C005C6BD8 /* Lato-LightItalic.ttf */,
				268BBDAD1D08E99C005C6BD8 /* Lato-Regular.ttf */,
			);
			path = Fonts;
			sourceTree = "<group>";
		};
		261EB85618DDB630009DDF78 = {
			isa = PBXGroup;
			children = (
				260023B51CC7D9CE00EB2026 /* Mold.xcodeproj */,
				266946471CC7711000A68424 /* Spare */,
				266946481CC7711000A68424 /* Supporting Files */,
				261EB88718DDB631009DDF78 /* SpareTests */,
				261EB86118DDB630009DDF78 /* Frameworks */,
				261EB86018DDB630009DDF78 /* Products */,
				45046EEF584696AF9C6D4354 /* Pods */,
			);
			sourceTree = "<group>";
		};
		261EB86018DDB630009DDF78 /* Products */ = {
			isa = PBXGroup;
			children = (
				261EB85F18DDB630009DDF78 /* Spare.app */,
				261EB87F18DDB631009DDF78 /* SpareTests.xctest */,
			);
			name = Products;
			sourceTree = "<group>";
		};
		261EB86118DDB630009DDF78 /* Frameworks */ = {
			isa = PBXGroup;
			children = (
				260023FD1CC7E0B000EB2026 /* Mold.framework */,
				2666C2C91957CFA1003752BF /* libsqlite3.dylib */,
				2666C2C71957CF93003752BF /* libz.dylib */,
				2666C2C31957CF7A003752BF /* AdSupport.framework */,
				2666C2C41957CF7A003752BF /* SystemConfiguration.framework */,
				2666C2C11957CF4F003752BF /* libGoogleAnalyticsServices.a */,
				26D4C8F41946E624001B42DC /* Crashlytics.framework */,
				26E4E0581937AF690096191A /* QuartzCore.framework */,
				261EB86218DDB630009DDF78 /* Foundation.framework */,
				261EB86418DDB630009DDF78 /* CoreGraphics.framework */,
				261EB86618DDB631009DDF78 /* UIKit.framework */,
				261EB86818DDB631009DDF78 /* CoreData.framework */,
				261EB88018DDB631009DDF78 /* XCTest.framework */,
				59C2B0311ED5D0556A5A2FEF /* Pods.framework */,
			);
			name = Frameworks;
			sourceTree = "<group>";
		};
		261EB88718DDB631009DDF78 /* SpareTests */ = {
			isa = PBXGroup;
			children = (
				261EB88D18DDB631009DDF78 /* SpareTests.m */,
				261EB88818DDB631009DDF78 /* Supporting Files */,
			);
			path = SpareTests;
			sourceTree = "<group>";
		};
		261EB88818DDB631009DDF78 /* Supporting Files */ = {
			isa = PBXGroup;
			children = (
				261EB88918DDB631009DDF78 /* SpareTests-Info.plist */,
				261EB88A18DDB631009DDF78 /* InfoPlist.strings */,
			);
			name = "Supporting Files";
			sourceTree = "<group>";
		};
		262F83991CCE3E4C00EDDDEE /* LoadApp */ = {
			isa = PBXGroup;
			children = (
				262F839A1CCE3E5300EDDDEE /* LoadAppVC.swift */,
				262F839C1CCE3E6C00EDDDEE /* LoadAppOperation.swift */,
			);
			path = LoadApp;
			sourceTree = "<group>";
		};
		266946471CC7711000A68424 /* Spare */ = {
			isa = PBXGroup;
			children = (
				260024051CC7E5F300EB2026 /* Screens */,
				2603F8C71CCA4BD1007F311F /* Core Data */,
				2687FA261D0EC2E900D544F5 /* Shared */,
			);
			path = Spare;
			sourceTree = "<group>";
		};
		266946481CC7711000A68424 /* Supporting Files */ = {
			isa = PBXGroup;
			children = (
				261370A91CD7A114007BAF56 /* Fonts */,
				266946491CC7711000A68424 /* Default-568h@2x.png */,
				2669464A1CC7711000A68424 /* Default@2x.png */,
				2669464B1CC7711000A68424 /* InfoPlist.strings */,
				2669464D1CC7711000A68424 /* Icon-40@2x.png */,
				2669464E1CC7711000A68424 /* Icon-60@2x.png */,
				2669464F1CC7711000A68424 /* Icon-Small@2x.png */,
				266946501CC7711000A68424 /* Icon@2x.png */,
				266946511CC7711000A68424 /* Images.xcassets */,
				266946521CC7711000A68424 /* iPhone.storyboard */,
				266946551CC7711000A68424 /* Spare-Info.plist */,
				266946571CC7711000A68424 /* Spare.xcdatamodeld */,
				266946921CC77A1A00A68424 /* AppDelegate.swift */,
				266946911CC77A1900A68424 /* Spare-Bridging-Header.h */,
				2603F8C21CCA45FF007F311F /* LaunchScreen.storyboard */,
			);
			path = "Supporting Files";
			sourceTree = "<group>";
		};
		2687FA261D0EC2E900D544F5 /* Shared */ = {
			isa = PBXGroup;
			children = (
				2687FA271D0EC2E900D544F5 /* App.swift */,
				2687FA281D0EC2E900D544F5 /* Color.swift */,
				2687FA291D0EC2E900D544F5 /* Error.swift */,
				2687FA2A1D0EC2E900D544F5 /* Font.swift */,
				2687FA2B1D0EC2E900D544F5 /* GlobalFunctions.swift */,
				2687FA2C1D0EC2E900D544F5 /* Icon.swift */,
				2687FA2D1D0EC2E900D544F5 /* PaymentMethod.swift */,
				2687FA2E1D0EC2E900D544F5 /* Strings.swift */,
			);
			path = Shared;
			sourceTree = "<group>";
		};
		268D23ED1D003560006B8D0B /* Summary */ = {
			isa = PBXGroup;
			children = (
				268D23EE1D003573006B8D0B /* SummaryVC.swift */,
				268D23F01D00370B006B8D0B /* __SVCBannerView.xib */,
				26E34A561D057BE8002CE4E8 /* __SVCBannerView.swift */,
				26C9620F1D083088007EBA41 /* __SVCCell.swift */,
				26C962111D0839A4007EBA41 /* __SVCCell.xib */,
				265849031D0ADD0D0047BCFA /* __SVCGraphView.xib */,
				265849051D0ADDF60047BCFA /* __SVCGraphView.swift */,
				265849071D0ADF370047BCFA /* __SVCSegmentedCircle.swift */,
			);
			path = Summary;
			sourceTree = "<group>";
		};
		269D49E91CE1610100109990 /* CategoryEditor */ = {
			isa = PBXGroup;
			children = (
				269D49F91CE1643400109990 /* AddCategoryVC.swift */,
				269D49EA1CE1610100109990 /* __CEVCView.swift */,
				269D49EB1CE1610100109990 /* __CEVCView.xib */,
				269D49EC1CE1610100109990 /* CategoryEditorVC.swift */,
				269D49ED1CE1610100109990 /* HRColorMapView.swift */,
				269D4A011CE16DCA00109990 /* ValidateCategoryOperation.swift */,
			);
			path = CategoryEditor;
			sourceTree = "<group>";
		};
		269D49EE1CE1610100109990 /* ExpenseEditor */ = {
			isa = PBXGroup;
			children = (
				269D49FB1CE1643A00109990 /* AddExpenseVC.swift */,
				269D49EF1CE1610100109990 /* __EEVCView.swift */,
				269D49F01CE1610100109990 /* __EEVCView.xib */,
				269D49F11CE1610100109990 /* ExpenseEditorVC.swift */,
				26BC4F951CE429AE0011BE98 /* ValidateExpenseOperation.swift */,
				26BC4FA01CE45D260011BE98 /* __EEVCPickerTextField.swift */,
			);
			path = ExpenseEditor;
			sourceTree = "<group>";
		};
		26EFA0011CD9C8E800714E5D /* MainContainer */ = {
			isa = PBXGroup;
			children = (
				26EFA0021CD9C8F100714E5D /* MainContainerVC.swift */,
				26EFA0041CD9C91A00714E5D /* __MCVCView.xib */,
				26EFA0061CD9C92F00714E5D /* __MCVCView.swift */,
				26E7FA7A1CDB332F000E2181 /* BaseTabButton.swift */,
				26EFA0081CD9DB0A00714E5D /* TabButton.swift */,
				26EFA00C1CD9DFF900714E5D /* MainTabBar.swift */,
				26EFA00E1CD9E00200714E5D /* MainTabBar.xib */,
				26A6CDE01CDB18EA00309A84 /* AddButton.swift */,
				26C2D5C11CDB5E4800BC73FC /* AddButtonProgressView.swift */,
				26E6EDB31CDBA6C60034EEDE /* AddButtonProgressView.xib */,
			);
			path = MainContainer;
			sourceTree = "<group>";
		};
		45046EEF584696AF9C6D4354 /* Pods */ = {
			isa = PBXGroup;
			children = (
				D96F33C6E81927FC7DC69FEB /* Pods.debug.xcconfig */,
				872D6B22773387201385F5D7 /* Pods.release.xcconfig */,
			);
			name = Pods;
			sourceTree = "<group>";
		};
/* End PBXGroup section */

/* Begin PBXNativeTarget section */
		261EB85E18DDB630009DDF78 /* Spare */ = {
			isa = PBXNativeTarget;
			buildConfigurationList = 261EB89118DDB631009DDF78 /* Build configuration list for PBXNativeTarget "Spare" */;
			buildPhases = (
				99DF9AC0C8D8411EB8E3F8AF /* Check Pods Manifest.lock */,
				261EB85B18DDB630009DDF78 /* Sources */,
				261EB85C18DDB630009DDF78 /* Frameworks */,
				261EB85D18DDB630009DDF78 /* Resources */,
				D50A65DD683E419BAE237FE7 /* Copy Pods Resources */,
				89847A8C68ADAAFEF9571999 /* Embed Pods Frameworks */,
				260024041CC7E38D00EB2026 /* Embed Frameworks */,
			);
			buildRules = (
			);
			dependencies = (
				260024341CC8C5AE00EB2026 /* PBXTargetDependency */,
			);
			name = Spare;
			productName = Spare;
			productReference = 261EB85F18DDB630009DDF78 /* Spare.app */;
			productType = "com.apple.product-type.application";
		};
		261EB87E18DDB631009DDF78 /* SpareTests */ = {
			isa = PBXNativeTarget;
			buildConfigurationList = 261EB89418DDB631009DDF78 /* Build configuration list for PBXNativeTarget "SpareTests" */;
			buildPhases = (
				261EB87B18DDB631009DDF78 /* Sources */,
				261EB87C18DDB631009DDF78 /* Frameworks */,
				261EB87D18DDB631009DDF78 /* Resources */,
			);
			buildRules = (
			);
			dependencies = (
				261EB88618DDB631009DDF78 /* PBXTargetDependency */,
			);
			name = SpareTests;
			productName = SpareTests;
			productReference = 261EB87F18DDB631009DDF78 /* SpareTests.xctest */;
			productType = "com.apple.product-type.bundle.unit-test";
		};
/* End PBXNativeTarget section */

/* Begin PBXProject section */
		261EB85718DDB630009DDF78 /* Project object */ = {
			isa = PBXProject;
			attributes = {
				CLASSPREFIX = SPR;
				LastSwiftUpdateCheck = 0730;
				LastUpgradeCheck = 0510;
				ORGANIZATIONNAME = "Matt Quiros";
				TargetAttributes = {
					261EB85E18DDB630009DDF78 = {
						DevelopmentTeam = MEWJ9DWAEU;
					};
					261EB87E18DDB631009DDF78 = {
						TestTargetID = 261EB85E18DDB630009DDF78;
					};
				};
			};
			buildConfigurationList = 261EB85A18DDB630009DDF78 /* Build configuration list for PBXProject "Spare" */;
			compatibilityVersion = "Xcode 3.2";
			developmentRegion = English;
			hasScannedForEncodings = 0;
			knownRegions = (
				en,
			);
			mainGroup = 261EB85618DDB630009DDF78;
			productRefGroup = 261EB86018DDB630009DDF78 /* Products */;
			projectDirPath = "";
			projectReferences = (
				{
					ProductGroup = 2600242C1CC8C53A00EB2026 /* Products */;
					ProjectRef = 260023B51CC7D9CE00EB2026 /* Mold.xcodeproj */;
				},
			);
			projectRoot = "";
			targets = (
				261EB85E18DDB630009DDF78 /* Spare */,
				261EB87E18DDB631009DDF78 /* SpareTests */,
			);
		};
/* End PBXProject section */

/* Begin PBXReferenceProxy section */
		260024301CC8C53A00EB2026 /* Mold.framework */ = {
			isa = PBXReferenceProxy;
			fileType = wrapper.framework;
			path = Mold.framework;
			remoteRef = 2600242F1CC8C53A00EB2026 /* PBXContainerItemProxy */;
			sourceTree = BUILT_PRODUCTS_DIR;
		};
/* End PBXReferenceProxy section */

/* Begin PBXResourcesBuildPhase section */
		261EB85D18DDB630009DDF78 /* Resources */ = {
			isa = PBXResourcesBuildPhase;
			buildActionMask = 2147483647;
			files = (
				268BBDAE1D08E99C005C6BD8 /* Lato-Black.ttf in Resources */,
				268BBDB01D08E99C005C6BD8 /* Lato-Bold.ttf in Resources */,
				266946841CC7711000A68424 /* Default@2x.png in Resources */,
				265849021D0AD5C10047BCFA /* __HVCCell.xib in Resources */,
				2603F8C31CCA45FF007F311F /* LaunchScreen.storyboard in Resources */,
				268BBDB61D08E99C005C6BD8 /* Lato-LightItalic.ttf in Resources */,
				2669468B1CC7711000A68424 /* iPhone.storyboard in Resources */,
				268BBDB71D08E99C005C6BD8 /* Lato-Regular.ttf in Resources */,
				269D49F71CE1610100109990 /* __EEVCView.xib in Resources */,
				26C962121D0839A4007EBA41 /* __SVCCell.xib in Resources */,
				26E6EDB41CDBA6C60034EEDE /* AddButtonProgressView.xib in Resources */,
				2669468A1CC7711000A68424 /* Images.xcassets in Resources */,
				26EFA00F1CD9E00200714E5D /* MainTabBar.xib in Resources */,
				265849041D0ADD0D0047BCFA /* __SVCGraphView.xib in Resources */,
				266946871CC7711000A68424 /* Icon-60@2x.png in Resources */,
				268BBDB31D08E99C005C6BD8 /* Lato-HairlineItalic.ttf in Resources */,
				268BBDB41D08E99C005C6BD8 /* Lato-Italic.ttf in Resources */,
				268D23F11D00370B006B8D0B /* __SVCBannerView.xib in Resources */,
				268BBDB51D08E99C005C6BD8 /* Lato-Light.ttf in Resources */,
				266946891CC7711000A68424 /* Icon@2x.png in Resources */,
				266946861CC7711000A68424 /* Icon-40@2x.png in Resources */,
				268BBDB11D08E99C005C6BD8 /* Lato-BoldItalic.ttf in Resources */,
				268BBDB21D08E99C005C6BD8 /* Lato-Hairline.ttf in Resources */,
				268BBDAF1D08E99C005C6BD8 /* Lato-BlackItalic.ttf in Resources */,
				26EFA00B1CD9DE8100714E5D /* spare-v2.ttf in Resources */,
				266946881CC7711000A68424 /* Icon-Small@2x.png in Resources */,
				26EFA0051CD9C91A00714E5D /* __MCVCView.xib in Resources */,
				266946851CC7711000A68424 /* InfoPlist.strings in Resources */,
				269D49F31CE1610100109990 /* __CEVCView.xib in Resources */,
				2669468E1CC7711000A68424 /* Spare-Info.plist in Resources */,
				266946831CC7711000A68424 /* Default-568h@2x.png in Resources */,
			);
			runOnlyForDeploymentPostprocessing = 0;
		};
		261EB87D18DDB631009DDF78 /* Resources */ = {
			isa = PBXResourcesBuildPhase;
			buildActionMask = 2147483647;
			files = (
				261EB88C18DDB631009DDF78 /* InfoPlist.strings in Resources */,
			);
			runOnlyForDeploymentPostprocessing = 0;
		};
/* End PBXResourcesBuildPhase section */

/* Begin PBXShellScriptBuildPhase section */
		89847A8C68ADAAFEF9571999 /* Embed Pods Frameworks */ = {
			isa = PBXShellScriptBuildPhase;
			buildActionMask = 2147483647;
			files = (
			);
			inputPaths = (
			);
			name = "Embed Pods Frameworks";
			outputPaths = (
			);
			runOnlyForDeploymentPostprocessing = 0;
			shellPath = /bin/sh;
			shellScript = "\"${SRCROOT}/Pods/Target Support Files/Pods/Pods-frameworks.sh\"\n";
			showEnvVarsInLog = 0;
		};
		99DF9AC0C8D8411EB8E3F8AF /* Check Pods Manifest.lock */ = {
			isa = PBXShellScriptBuildPhase;
			buildActionMask = 2147483647;
			files = (
			);
			inputPaths = (
			);
			name = "Check Pods Manifest.lock";
			outputPaths = (
			);
			runOnlyForDeploymentPostprocessing = 0;
			shellPath = /bin/sh;
			shellScript = "diff \"${PODS_ROOT}/../Podfile.lock\" \"${PODS_ROOT}/Manifest.lock\" > /dev/null\nif [[ $? != 0 ]] ; then\n    cat << EOM\nerror: The sandbox is not in sync with the Podfile.lock. Run 'pod install' or update your CocoaPods installation.\nEOM\n    exit 1\nfi\n";
			showEnvVarsInLog = 0;
		};
		D50A65DD683E419BAE237FE7 /* Copy Pods Resources */ = {
			isa = PBXShellScriptBuildPhase;
			buildActionMask = 2147483647;
			files = (
			);
			inputPaths = (
			);
			name = "Copy Pods Resources";
			outputPaths = (
			);
			runOnlyForDeploymentPostprocessing = 0;
			shellPath = /bin/sh;
			shellScript = "\"${SRCROOT}/Pods/Target Support Files/Pods/Pods-resources.sh\"\n";
			showEnvVarsInLog = 0;
		};
/* End PBXShellScriptBuildPhase section */

/* Begin PBXSourcesBuildPhase section */
		261EB85B18DDB630009DDF78 /* Sources */ = {
			isa = PBXSourcesBuildPhase;
			buildActionMask = 2147483647;
			files = (
				2687FA2F1D0EC2E900D544F5 /* App.swift in Sources */,
				26E34A571D057BE8002CE4E8 /* __SVCBannerView.swift in Sources */,
				2687FA331D0EC2E900D544F5 /* GlobalFunctions.swift in Sources */,
				2687FA321D0EC2E900D544F5 /* Font.swift in Sources */,
				2603F8CF1CCA4C10007F311F /* Expense.swift in Sources */,
				268D23EF1D003573006B8D0B /* SummaryVC.swift in Sources */,
				262F839D1CCE3E6C00EDDDEE /* LoadAppOperation.swift in Sources */,
				266946931CC77A1A00A68424 /* AppDelegate.swift in Sources */,
				26E7FA7B1CDB332F000E2181 /* BaseTabButton.swift in Sources */,
				269D49F41CE1610100109990 /* CategoryEditorVC.swift in Sources */,
				2687FA341D0EC2E900D544F5 /* Icon.swift in Sources */,
				265849061D0ADDF60047BCFA /* __SVCGraphView.swift in Sources */,
				26A6CDE11CDB18EA00309A84 /* AddButton.swift in Sources */,
				26C2D5C21CDB5E4800BC73FC /* AddButtonProgressView.swift in Sources */,
				265849081D0ADF370047BCFA /* __SVCSegmentedCircle.swift in Sources */,
				2687FA311D0EC2E900D544F5 /* Error.swift in Sources */,
				269D49F21CE1610100109990 /* __CEVCView.swift in Sources */,
				2687FA301D0EC2E900D544F5 /* Color.swift in Sources */,
				268D23E01D001022006B8D0B /* __HVCCell.swift in Sources */,
				26BC4F931CE36CD90011BE98 /* Summary.swift in Sources */,
				2603F8D31CCA4C10007F311F /* Category.swift in Sources */,
				269D49FA1CE1643400109990 /* AddCategoryVC.swift in Sources */,
				2687FA361D0EC2E900D544F5 /* Strings.swift in Sources */,
				260024151CC7E5F300EB2026 /* SettingsVC.swift in Sources */,
				26EFA0071CD9C92F00714E5D /* __MCVCView.swift in Sources */,
				2687FA351D0EC2E900D544F5 /* PaymentMethod.swift in Sources */,
				26BC4FA11CE45D260011BE98 /* __EEVCPickerTextField.swift in Sources */,
				269D49FC1CE1643A00109990 /* AddExpenseVC.swift in Sources */,
				2603F8D21CCA4C10007F311F /* Category+CoreDataProperties.swift in Sources */,
				269D4A021CE16DCA00109990 /* ValidateCategoryOperation.swift in Sources */,
				269D49FE1CE1649500109990 /* ModalNavBarVC.swift in Sources */,
				269D49F81CE1610100109990 /* ExpenseEditorVC.swift in Sources */,
				26BC4F961CE429AE0011BE98 /* ValidateExpenseOperation.swift in Sources */,
				26C962101D083088007EBA41 /* __SVCCell.swift in Sources */,
				268D23EC1D001E79006B8D0B /* HomeVC.swift in Sources */,
				26E2D37C1CE0E3BA00BA357F /* BaseFormVC.swift in Sources */,
				269D49F51CE1610100109990 /* HRColorMapView.swift in Sources */,
				2603F8CE1CCA4C10007F311F /* Expense+CoreDataProperties.swift in Sources */,
				2669468F1CC7711000A68424 /* Spare.xcdatamodeld in Sources */,
				262F839B1CCE3E5300EDDDEE /* LoadAppVC.swift in Sources */,
				26EFA0091CD9DB0A00714E5D /* TabButton.swift in Sources */,
				26EFA0031CD9C8F100714E5D /* MainContainerVC.swift in Sources */,
				26BC4F941CE36CD90011BE98 /* Summary+CoreDataProperties.swift in Sources */,
				26EFA00D1CD9DFF900714E5D /* MainTabBar.swift in Sources */,
				269D49F61CE1610100109990 /* __EEVCView.swift in Sources */,
			);
			runOnlyForDeploymentPostprocessing = 0;
		};
		261EB87B18DDB631009DDF78 /* Sources */ = {
			isa = PBXSourcesBuildPhase;
			buildActionMask = 2147483647;
			files = (
				261EB88E18DDB631009DDF78 /* SpareTests.m in Sources */,
			);
			runOnlyForDeploymentPostprocessing = 0;
		};
/* End PBXSourcesBuildPhase section */

/* Begin PBXTargetDependency section */
		260024341CC8C5AE00EB2026 /* PBXTargetDependency */ = {
			isa = PBXTargetDependency;
			name = Mold;
			targetProxy = 260024331CC8C5AE00EB2026 /* PBXContainerItemProxy */;
		};
		261EB88618DDB631009DDF78 /* PBXTargetDependency */ = {
			isa = PBXTargetDependency;
			target = 261EB85E18DDB630009DDF78 /* Spare */;
			targetProxy = 261EB88518DDB631009DDF78 /* PBXContainerItemProxy */;
		};
/* End PBXTargetDependency section */

/* Begin PBXVariantGroup section */
		261EB88A18DDB631009DDF78 /* InfoPlist.strings */ = {
			isa = PBXVariantGroup;
			children = (
				261EB88B18DDB631009DDF78 /* en */,
			);
			name = InfoPlist.strings;
			sourceTree = "<group>";
		};
		2669464B1CC7711000A68424 /* InfoPlist.strings */ = {
			isa = PBXVariantGroup;
			children = (
				2669464C1CC7711000A68424 /* en */,
			);
			name = InfoPlist.strings;
			sourceTree = "<group>";
		};
/* End PBXVariantGroup section */

/* Begin XCBuildConfiguration section */
		261EB88F18DDB631009DDF78 /* Debug */ = {
			isa = XCBuildConfiguration;
			buildSettings = {
				ALWAYS_SEARCH_USER_PATHS = NO;
				CLANG_CXX_LANGUAGE_STANDARD = "gnu++0x";
				CLANG_CXX_LIBRARY = "libc++";
				CLANG_ENABLE_MODULES = YES;
				CLANG_ENABLE_OBJC_ARC = YES;
				CLANG_WARN_BOOL_CONVERSION = YES;
				CLANG_WARN_CONSTANT_CONVERSION = YES;
				CLANG_WARN_DIRECT_OBJC_ISA_USAGE = YES_ERROR;
				CLANG_WARN_EMPTY_BODY = YES;
				CLANG_WARN_ENUM_CONVERSION = YES;
				CLANG_WARN_INT_CONVERSION = YES;
				CLANG_WARN_OBJC_ROOT_CLASS = YES_ERROR;
				CLANG_WARN__DUPLICATE_METHOD_MATCH = YES;
				"CODE_SIGN_IDENTITY[sdk=iphoneos*]" = "iPhone Developer";
				COPY_PHASE_STRIP = NO;
				GCC_C_LANGUAGE_STANDARD = gnu99;
				GCC_DYNAMIC_NO_PIC = NO;
				GCC_OPTIMIZATION_LEVEL = 0;
				GCC_PREPROCESSOR_DEFINITIONS = (
					"DEBUG=1",
					"$(inherited)",
				);
				GCC_SYMBOLS_PRIVATE_EXTERN = NO;
				GCC_WARN_64_TO_32_BIT_CONVERSION = YES;
				GCC_WARN_ABOUT_RETURN_TYPE = YES_ERROR;
				GCC_WARN_UNDECLARED_SELECTOR = YES;
				GCC_WARN_UNINITIALIZED_AUTOS = YES;
				GCC_WARN_UNUSED_FUNCTION = YES;
				GCC_WARN_UNUSED_VARIABLE = YES;
				IPHONEOS_DEPLOYMENT_TARGET = 9.0;
				ONLY_ACTIVE_ARCH = YES;
				SDKROOT = iphoneos;
			};
			name = Debug;
		};
		261EB89018DDB631009DDF78 /* Release */ = {
			isa = XCBuildConfiguration;
			buildSettings = {
				ALWAYS_SEARCH_USER_PATHS = NO;
				CLANG_CXX_LANGUAGE_STANDARD = "gnu++0x";
				CLANG_CXX_LIBRARY = "libc++";
				CLANG_ENABLE_MODULES = YES;
				CLANG_ENABLE_OBJC_ARC = YES;
				CLANG_WARN_BOOL_CONVERSION = YES;
				CLANG_WARN_CONSTANT_CONVERSION = YES;
				CLANG_WARN_DIRECT_OBJC_ISA_USAGE = YES_ERROR;
				CLANG_WARN_EMPTY_BODY = YES;
				CLANG_WARN_ENUM_CONVERSION = YES;
				CLANG_WARN_INT_CONVERSION = YES;
				CLANG_WARN_OBJC_ROOT_CLASS = YES_ERROR;
				CLANG_WARN__DUPLICATE_METHOD_MATCH = YES;
				"CODE_SIGN_IDENTITY[sdk=iphoneos*]" = "iPhone Developer";
				COPY_PHASE_STRIP = YES;
				ENABLE_NS_ASSERTIONS = NO;
				GCC_C_LANGUAGE_STANDARD = gnu99;
				GCC_WARN_64_TO_32_BIT_CONVERSION = YES;
				GCC_WARN_ABOUT_RETURN_TYPE = YES_ERROR;
				GCC_WARN_UNDECLARED_SELECTOR = YES;
				GCC_WARN_UNINITIALIZED_AUTOS = YES;
				GCC_WARN_UNUSED_FUNCTION = YES;
				GCC_WARN_UNUSED_VARIABLE = YES;
				IPHONEOS_DEPLOYMENT_TARGET = 9.0;
				SDKROOT = iphoneos;
				VALIDATE_PRODUCT = YES;
			};
			name = Release;
		};
		261EB89218DDB631009DDF78 /* Debug */ = {
			isa = XCBuildConfiguration;
			baseConfigurationReference = D96F33C6E81927FC7DC69FEB /* Pods.debug.xcconfig */;
			buildSettings = {
				ASSETCATALOG_COMPILER_APPICON_NAME = AppIcon;
				CLANG_ENABLE_MODULES = YES;
				CODE_SIGN_IDENTITY = "iPhone Developer: Matthew Quiros (RG26WNB3AF)";
				"CODE_SIGN_IDENTITY[sdk=iphoneos*]" = "iPhone Developer: Matthew Quiros (RG26WNB3AF)";
				EMBEDDED_CONTENT_CONTAINS_SWIFT = YES;
				ENABLE_BITCODE = YES;
				FRAMEWORK_SEARCH_PATHS = (
					"$(inherited)",
					"$(PROJECT_DIR)",
					"$(PROJECT_DIR)/Mold/build/Debug-iphoneos",
				);
				GCC_PRECOMPILE_PREFIX_HEADER = YES;
				GCC_PREFIX_HEADER = "";
				INFOPLIST_FILE = "$(SRCROOT)/Supporting Files/Spare-Info.plist";
				LD_RUNPATH_SEARCH_PATHS = "$(inherited) @executable_path/Frameworks";
				LIBRARY_SEARCH_PATHS = (
					"$(inherited)",
					"$(PROJECT_NAME)",
				);
				PRODUCT_NAME = "$(TARGET_NAME)";
				PROVISIONING_PROFILE = "a6832136-841f-4f2e-a8a1-0743228520a9";
				SWIFT_OBJC_BRIDGING_HEADER = "Supporting Files/Spare-Bridging-Header.h";
				SWIFT_OPTIMIZATION_LEVEL = "-Onone";
				WRAPPER_EXTENSION = app;
			};
			name = Debug;
		};
		261EB89318DDB631009DDF78 /* Release */ = {
			isa = XCBuildConfiguration;
			baseConfigurationReference = 872D6B22773387201385F5D7 /* Pods.release.xcconfig */;
			buildSettings = {
				ASSETCATALOG_COMPILER_APPICON_NAME = AppIcon;
				CLANG_ENABLE_MODULES = YES;
				CODE_SIGN_IDENTITY = "iPhone Developer: Matthew Quiros (RG26WNB3AF)";
				"CODE_SIGN_IDENTITY[sdk=iphoneos*]" = "iPhone Developer: Matthew Quiros (RG26WNB3AF)";
				EMBEDDED_CONTENT_CONTAINS_SWIFT = YES;
				ENABLE_BITCODE = YES;
				FRAMEWORK_SEARCH_PATHS = (
					"$(inherited)",
					"$(PROJECT_DIR)",
					"$(PROJECT_DIR)/Mold/build/Debug-iphoneos",
				);
				GCC_PRECOMPILE_PREFIX_HEADER = YES;
				GCC_PREFIX_HEADER = "";
				INFOPLIST_FILE = "$(SRCROOT)/Supporting Files/Spare-Info.plist";
				LD_RUNPATH_SEARCH_PATHS = "$(inherited) @executable_path/Frameworks";
				LIBRARY_SEARCH_PATHS = (
					"$(inherited)",
					"$(PROJECT_NAME)",
				);
				PRODUCT_NAME = "$(TARGET_NAME)";
				PROVISIONING_PROFILE = "a6832136-841f-4f2e-a8a1-0743228520a9";
				SWIFT_OBJC_BRIDGING_HEADER = "Supporting Files/Spare-Bridging-Header.h";
				WRAPPER_EXTENSION = app;
			};
			name = Release;
		};
		261EB89518DDB631009DDF78 /* Debug */ = {
			isa = XCBuildConfiguration;
			buildSettings = {
				BUNDLE_LOADER = "$(BUILT_PRODUCTS_DIR)/Spare.app/Spare";
				FRAMEWORK_SEARCH_PATHS = (
					"$(SDKROOT)/Developer/Library/Frameworks",
					"$(inherited)",
					"$(DEVELOPER_FRAMEWORKS_DIR)",
				);
				GCC_PRECOMPILE_PREFIX_HEADER = YES;
				GCC_PREFIX_HEADER = "Spare/Spare-Prefix.pch";
				GCC_PREPROCESSOR_DEFINITIONS = (
					"DEBUG=1",
					"$(inherited)",
				);
				INFOPLIST_FILE = "SpareTests/SpareTests-Info.plist";
				PRODUCT_NAME = "$(TARGET_NAME)";
				TEST_HOST = "$(BUNDLE_LOADER)";
				WRAPPER_EXTENSION = xctest;
			};
			name = Debug;
		};
		261EB89618DDB631009DDF78 /* Release */ = {
			isa = XCBuildConfiguration;
			buildSettings = {
				BUNDLE_LOADER = "$(BUILT_PRODUCTS_DIR)/Spare.app/Spare";
				FRAMEWORK_SEARCH_PATHS = (
					"$(SDKROOT)/Developer/Library/Frameworks",
					"$(inherited)",
					"$(DEVELOPER_FRAMEWORKS_DIR)",
				);
				GCC_PRECOMPILE_PREFIX_HEADER = YES;
				GCC_PREFIX_HEADER = "Spare/Spare-Prefix.pch";
				INFOPLIST_FILE = "SpareTests/SpareTests-Info.plist";
				PRODUCT_NAME = "$(TARGET_NAME)";
				TEST_HOST = "$(BUNDLE_LOADER)";
				WRAPPER_EXTENSION = xctest;
			};
			name = Release;
		};
/* End XCBuildConfiguration section */

/* Begin XCConfigurationList section */
		261EB85A18DDB630009DDF78 /* Build configuration list for PBXProject "Spare" */ = {
			isa = XCConfigurationList;
			buildConfigurations = (
				261EB88F18DDB631009DDF78 /* Debug */,
				261EB89018DDB631009DDF78 /* Release */,
			);
			defaultConfigurationIsVisible = 0;
			defaultConfigurationName = Release;
		};
		261EB89118DDB631009DDF78 /* Build configuration list for PBXNativeTarget "Spare" */ = {
			isa = XCConfigurationList;
			buildConfigurations = (
				261EB89218DDB631009DDF78 /* Debug */,
				261EB89318DDB631009DDF78 /* Release */,
			);
			defaultConfigurationIsVisible = 0;
			defaultConfigurationName = Release;
		};
		261EB89418DDB631009DDF78 /* Build configuration list for PBXNativeTarget "SpareTests" */ = {
			isa = XCConfigurationList;
			buildConfigurations = (
				261EB89518DDB631009DDF78 /* Debug */,
				261EB89618DDB631009DDF78 /* Release */,
			);
			defaultConfigurationIsVisible = 0;
			defaultConfigurationName = Release;
		};
/* End XCConfigurationList section */

/* Begin XCVersionGroup section */
		266946571CC7711000A68424 /* Spare.xcdatamodeld */ = {
			isa = XCVersionGroup;
			children = (
				2603F8C61CCA476E007F311F /* Spare_v2.0.xcdatamodel */,
				266946581CC7711000A68424 /* Spare.xcdatamodel */,
			);
			currentVersion = 2603F8C61CCA476E007F311F /* Spare_v2.0.xcdatamodel */;
			path = Spare.xcdatamodeld;
			sourceTree = "<group>";
			versionGroupType = wrapper.xcdatamodel;
		};
/* End XCVersionGroup section */
	};
	rootObject = 261EB85718DDB630009DDF78 /* Project object */;
}
