// !$*UTF8*$!
{
	archiveVersion = 1;
	classes = {
	};
	objectVersion = 46;
	objects = {

/* Begin PBXBuildFile section */
		2603F8C31CCA45FF007F311F /* LaunchScreen.storyboard in Resources */ = {isa = PBXBuildFile; fileRef = 2603F8C21CCA45FF007F311F /* LaunchScreen.storyboard */; };
		261EB86318DDB630009DDF78 /* Foundation.framework in Frameworks */ = {isa = PBXBuildFile; fileRef = 261EB86218DDB630009DDF78 /* Foundation.framework */; };
		261EB86518DDB630009DDF78 /* CoreGraphics.framework in Frameworks */ = {isa = PBXBuildFile; fileRef = 261EB86418DDB630009DDF78 /* CoreGraphics.framework */; };
		261EB86718DDB631009DDF78 /* UIKit.framework in Frameworks */ = {isa = PBXBuildFile; fileRef = 261EB86618DDB631009DDF78 /* UIKit.framework */; };
		261EB86918DDB631009DDF78 /* CoreData.framework in Frameworks */ = {isa = PBXBuildFile; fileRef = 261EB86818DDB631009DDF78 /* CoreData.framework */; };
		26320B321F6E4CDB00D8E1FC /* Expense+CoreDataClass.swift in Sources */ = {isa = PBXBuildFile; fileRef = 26320B301F6E4CDB00D8E1FC /* Expense+CoreDataClass.swift */; };
		26320B331F6E4CDB00D8E1FC /* Expense+CoreDataProperties.swift in Sources */ = {isa = PBXBuildFile; fileRef = 26320B311F6E4CDB00D8E1FC /* Expense+CoreDataProperties.swift */; };
		26320B3A1F6E4DD700D8E1FC /* MonthTagGroup+CoreDataClass.swift in Sources */ = {isa = PBXBuildFile; fileRef = 26320B341F6E4DD700D8E1FC /* MonthTagGroup+CoreDataClass.swift */; };
		26320B3B1F6E4DD700D8E1FC /* MonthTagGroup+CoreDataProperties.swift in Sources */ = {isa = PBXBuildFile; fileRef = 26320B351F6E4DD700D8E1FC /* MonthTagGroup+CoreDataProperties.swift */; };
		26320B3C1F6E4DD700D8E1FC /* WeekTagGroup+CoreDataClass.swift in Sources */ = {isa = PBXBuildFile; fileRef = 26320B361F6E4DD700D8E1FC /* WeekTagGroup+CoreDataClass.swift */; };
		26320B3D1F6E4DD700D8E1FC /* WeekTagGroup+CoreDataProperties.swift in Sources */ = {isa = PBXBuildFile; fileRef = 26320B371F6E4DD700D8E1FC /* WeekTagGroup+CoreDataProperties.swift */; };
		26320B3E1F6E4DD700D8E1FC /* DayTagGroup+CoreDataClass.swift in Sources */ = {isa = PBXBuildFile; fileRef = 26320B381F6E4DD700D8E1FC /* DayTagGroup+CoreDataClass.swift */; };
		26320B3F1F6E4DD700D8E1FC /* DayTagGroup+CoreDataProperties.swift in Sources */ = {isa = PBXBuildFile; fileRef = 26320B391F6E4DD700D8E1FC /* DayTagGroup+CoreDataProperties.swift */; };
		264AE14B1F94A8ED00F87C55 /* AddExpense_WeekCategoryGroup.swift in Sources */ = {isa = PBXBuildFile; fileRef = 264AE14A1F94A8ED00F87C55 /* AddExpense_WeekCategoryGroup.swift */; };
		264AE14E1F94C32500F87C55 /* AddExpense_Category.swift in Sources */ = {isa = PBXBuildFile; fileRef = 264AE14D1F94C32500F87C55 /* AddExpense_Category.swift */; };
		264AE17A1F95F91400F87C55 /* Bedrock.framework in Frameworks */ = {isa = PBXBuildFile; fileRef = 264AE1771F95F90000F87C55 /* Bedrock.framework */; };
		264AE17B1F95F91800F87C55 /* Bedrock.framework in Embed Frameworks */ = {isa = PBXBuildFile; fileRef = 264AE1771F95F90000F87C55 /* Bedrock.framework */; settings = {ATTRIBUTES = (CodeSignOnCopy, RemoveHeadersOnCopy, ); }; };
		2666C2C61957CF7A003752BF /* SystemConfiguration.framework in Frameworks */ = {isa = PBXBuildFile; fileRef = 2666C2C41957CF7A003752BF /* SystemConfiguration.framework */; };
		266946831CC7711000A68424 /* Default-568h@2x.png in Resources */ = {isa = PBXBuildFile; fileRef = 266946491CC7711000A68424 /* Default-568h@2x.png */; };
		266946841CC7711000A68424 /* Default@2x.png in Resources */ = {isa = PBXBuildFile; fileRef = 2669464A1CC7711000A68424 /* Default@2x.png */; };
		266946851CC7711000A68424 /* InfoPlist.strings in Resources */ = {isa = PBXBuildFile; fileRef = 2669464B1CC7711000A68424 /* InfoPlist.strings */; };
		266946861CC7711000A68424 /* Icon-40@2x.png in Resources */ = {isa = PBXBuildFile; fileRef = 2669464D1CC7711000A68424 /* Icon-40@2x.png */; };
		266946871CC7711000A68424 /* Icon-60@2x.png in Resources */ = {isa = PBXBuildFile; fileRef = 2669464E1CC7711000A68424 /* Icon-60@2x.png */; };
		266946881CC7711000A68424 /* Icon-Small@2x.png in Resources */ = {isa = PBXBuildFile; fileRef = 2669464F1CC7711000A68424 /* Icon-Small@2x.png */; };
		266946891CC7711000A68424 /* Icon@2x.png in Resources */ = {isa = PBXBuildFile; fileRef = 266946501CC7711000A68424 /* Icon@2x.png */; };
		2669468A1CC7711000A68424 /* Images.xcassets in Resources */ = {isa = PBXBuildFile; fileRef = 266946511CC7711000A68424 /* Images.xcassets */; };
		2669468B1CC7711000A68424 /* iPhone.storyboard in Resources */ = {isa = PBXBuildFile; fileRef = 266946521CC7711000A68424 /* iPhone.storyboard */; };
		2669468F1CC7711000A68424 /* Spare.xcdatamodeld in Sources */ = {isa = PBXBuildFile; fileRef = 266946571CC7711000A68424 /* Spare.xcdatamodeld */; };
		266946931CC77A1A00A68424 /* AppDelegate.swift in Sources */ = {isa = PBXBuildFile; fileRef = 266946921CC77A1A00A68424 /* AppDelegate.swift */; };
		26974F3C1F2F14E600CF15E2 /* LoadCoreDataStackOperation.swift in Sources */ = {isa = PBXBuildFile; fileRef = 26974F3B1F2F14E600CF15E2 /* LoadCoreDataStackOperation.swift */; };
		26A1CB4C1DD1ABD600DAE89E /* NotoSansUI-Bold.ttf in Resources */ = {isa = PBXBuildFile; fileRef = 26A1CB441DD1ABD600DAE89E /* NotoSansUI-Bold.ttf */; };
		26A1CB4D1DD1ABD600DAE89E /* NotoSansUI-BoldItalic.ttf in Resources */ = {isa = PBXBuildFile; fileRef = 26A1CB451DD1ABD600DAE89E /* NotoSansUI-BoldItalic.ttf */; };
		26A1CB4E1DD1ABD600DAE89E /* NotoSansUI-Italic.ttf in Resources */ = {isa = PBXBuildFile; fileRef = 26A1CB461DD1ABD600DAE89E /* NotoSansUI-Italic.ttf */; };
		26A1CB4F1DD1ABD600DAE89E /* NotoSansUI-Regular.ttf in Resources */ = {isa = PBXBuildFile; fileRef = 26A1CB471DD1ABD600DAE89E /* NotoSansUI-Regular.ttf */; };
		26A30C8A1E5231620047307D /* BaseNavBarVC.swift in Sources */ = {isa = PBXBuildFile; fileRef = 26A30C891E5231620047307D /* BaseNavBarVC.swift */; };
		26B89D361F6E449D00D96C0D /* Expense+Extension.swift in Sources */ = {isa = PBXBuildFile; fileRef = 26B89D331F6E449C00D96C0D /* Expense+Extension.swift */; };
		26B89D381F6E449D00D96C0D /* CoreDataStack.swift in Sources */ = {isa = PBXBuildFile; fileRef = 26B89D351F6E449C00D96C0D /* CoreDataStack.swift */; };
		26B89D3F1F6E44C500D96C0D /* DayCategoryGroup+CoreDataClass.swift in Sources */ = {isa = PBXBuildFile; fileRef = 26B89D391F6E44C500D96C0D /* DayCategoryGroup+CoreDataClass.swift */; };
		26B89D401F6E44C500D96C0D /* DayCategoryGroup+CoreDataProperties.swift in Sources */ = {isa = PBXBuildFile; fileRef = 26B89D3A1F6E44C500D96C0D /* DayCategoryGroup+CoreDataProperties.swift */; };
		26B89D411F6E44C500D96C0D /* WeekCategoryGroup+CoreDataClass.swift in Sources */ = {isa = PBXBuildFile; fileRef = 26B89D3B1F6E44C500D96C0D /* WeekCategoryGroup+CoreDataClass.swift */; };
		26B89D421F6E44C500D96C0D /* WeekCategoryGroup+CoreDataProperties.swift in Sources */ = {isa = PBXBuildFile; fileRef = 26B89D3C1F6E44C500D96C0D /* WeekCategoryGroup+CoreDataProperties.swift */; };
		26B89D431F6E44C500D96C0D /* MonthCategoryGroup+CoreDataClass.swift in Sources */ = {isa = PBXBuildFile; fileRef = 26B89D3D1F6E44C500D96C0D /* MonthCategoryGroup+CoreDataClass.swift */; };
		26B89D441F6E44C500D96C0D /* MonthCategoryGroup+CoreDataProperties.swift in Sources */ = {isa = PBXBuildFile; fileRef = 26B89D3E1F6E44C500D96C0D /* MonthCategoryGroup+CoreDataProperties.swift */; };
		26B89D4C1F6E45AA00D96C0D /* ClassifierGroup.swift in Sources */ = {isa = PBXBuildFile; fileRef = 26B89D4B1F6E45AA00D96C0D /* ClassifierGroup.swift */; };
		26B89D4E1F6E45D100D96C0D /* Classifier.swift in Sources */ = {isa = PBXBuildFile; fileRef = 26B89D4D1F6E45D100D96C0D /* Classifier.swift */; };
		26B89D531F6E47ED00D96C0D /* Tag+CoreDataClass.swift in Sources */ = {isa = PBXBuildFile; fileRef = 26B89D4F1F6E47ED00D96C0D /* Tag+CoreDataClass.swift */; };
		26B89D541F6E47ED00D96C0D /* Tag+CoreDataProperties.swift in Sources */ = {isa = PBXBuildFile; fileRef = 26B89D501F6E47ED00D96C0D /* Tag+CoreDataProperties.swift */; };
		26B89D551F6E47ED00D96C0D /* Category+CoreDataClass.swift in Sources */ = {isa = PBXBuildFile; fileRef = 26B89D511F6E47ED00D96C0D /* Category+CoreDataClass.swift */; };
		26B89D561F6E47ED00D96C0D /* Category+CoreDataProperties.swift in Sources */ = {isa = PBXBuildFile; fileRef = 26B89D521F6E47ED00D96C0D /* Category+CoreDataProperties.swift */; };
		26BEEC391F6A7DB6005224C9 /* AddExpenseOperation.swift in Sources */ = {isa = PBXBuildFile; fileRef = 26BEEC201F6A7D45005224C9 /* AddExpenseOperation.swift */; };
		26BEEC3A1F6A7DB6005224C9 /* AmountFormatter.swift in Sources */ = {isa = PBXBuildFile; fileRef = 26BEEC211F6A7D45005224C9 /* AmountFormatter.swift */; };
		26BEEC3B1F6A7DB6005224C9 /* BarButtonItems.swift in Sources */ = {isa = PBXBuildFile; fileRef = 26BEEC221F6A7D45005224C9 /* BarButtonItems.swift */; };
		26BEEC3D1F6A7DB6005224C9 /* ClassifierType.swift in Sources */ = {isa = PBXBuildFile; fileRef = 26BEEC241F6A7D45005224C9 /* ClassifierType.swift */; };
		26BEEC3F1F6A7DB6005224C9 /* Debug.swift in Sources */ = {isa = PBXBuildFile; fileRef = 26BEEC261F6A7D45005224C9 /* Debug.swift */; };
		26BEEC401F6A7DB6005224C9 /* DefaultClassifier.swift in Sources */ = {isa = PBXBuildFile; fileRef = 26BEEC271F6A7D45005224C9 /* DefaultClassifier.swift */; };
		26BEEC421F6A7DB6005224C9 /* RawExpense.swift in Sources */ = {isa = PBXBuildFile; fileRef = 26BEEC291F6A7D45005224C9 /* RawExpense.swift */; };
		26BEEC451F6A7DB6005224C9 /* Global.swift in Sources */ = {isa = PBXBuildFile; fileRef = 26BEEC2C1F6A7D45005224C9 /* Global.swift */; };
		26BEEC461F6A7DB6005224C9 /* Grouping.swift in Sources */ = {isa = PBXBuildFile; fileRef = 26BEEC2D1F6A7D45005224C9 /* Grouping.swift */; };
		26BEEC471F6A7DB6005224C9 /* LightTheme.swift in Sources */ = {isa = PBXBuildFile; fileRef = 26BEEC2E1F6A7D45005224C9 /* LightTheme.swift */; };
		26BEEC481F6A7DB6005224C9 /* NotoSansUI.swift in Sources */ = {isa = PBXBuildFile; fileRef = 26BEEC2F1F6A7D45005224C9 /* NotoSansUI.swift */; };
		26BEEC491F6A7DB6005224C9 /* Periodization.swift in Sources */ = {isa = PBXBuildFile; fileRef = 26BEEC301F6A7D45005224C9 /* Periodization.swift */; };
		26BEEC4A1F6A7DB6005224C9 /* SectionIdentifier.swift in Sources */ = {isa = PBXBuildFile; fileRef = 26BEEC311F6A7D45005224C9 /* SectionIdentifier.swift */; };
		26BEEC4B1F6A7DB6005224C9 /* StartOfWeek.swift in Sources */ = {isa = PBXBuildFile; fileRef = 26BEEC321F6A7D45005224C9 /* StartOfWeek.swift */; };
		26BEEC4D1F6A7DB6005224C9 /* Theme.swift in Sources */ = {isa = PBXBuildFile; fileRef = 26BEEC341F6A7D45005224C9 /* Theme.swift */; };
		26BEEC4E1F6A7DB6005224C9 /* TimestampFormatter.swift in Sources */ = {isa = PBXBuildFile; fileRef = 26BEEC351F6A7D45005224C9 /* TimestampFormatter.swift */; };
		26BEEC4F1F6A7DB6005224C9 /* UserDefaultsKey.swift in Sources */ = {isa = PBXBuildFile; fileRef = 26BEEC361F6A7D45005224C9 /* UserDefaultsKey.swift */; };
		26BEEC501F6A7DB6005224C9 /* ValidateExpenseOperation.swift in Sources */ = {isa = PBXBuildFile; fileRef = 26BEEC371F6A7D45005224C9 /* ValidateExpenseOperation.swift */; };
		26BEEC511F6A7DB6005224C9 /* ValidExpense.swift in Sources */ = {isa = PBXBuildFile; fileRef = 26BEEC381F6A7D45005224C9 /* ValidExpense.swift */; };
		26DB29691F8226EC0042E39D /* AddExpense_DayCategoryGroup.swift in Sources */ = {isa = PBXBuildFile; fileRef = 26DB29681F8226EC0042E39D /* AddExpense_DayCategoryGroup.swift */; };
		26DDDCA81E5C238B001617A1 /* LoadAppViewController.swift in Sources */ = {isa = PBXBuildFile; fileRef = 26DDDCA71E5C238B001617A1 /* LoadAppViewController.swift */; };
		26DF09A11EF800D900D26D14 /* LoadableView.swift in Sources */ = {isa = PBXBuildFile; fileRef = 26DF099C1EF800D900D26D14 /* LoadableView.swift */; };
		26DF09A41EF800D900D26D14 /* TwoLabelTableViewCell.swift in Sources */ = {isa = PBXBuildFile; fileRef = 26DF099F1EF800D900D26D14 /* TwoLabelTableViewCell.swift */; };
		26DF09A51EF800D900D26D14 /* TwoLabelTableViewCell.xib in Resources */ = {isa = PBXBuildFile; fileRef = 26DF09A01EF800D900D26D14 /* TwoLabelTableViewCell.xib */; };
		26E4E0591937AF690096191A /* QuartzCore.framework in Frameworks */ = {isa = PBXBuildFile; fileRef = 26E4E0581937AF690096191A /* QuartzCore.framework */; };
		26F51AFC1F7E3D2C0073DAF2 /* CoreDataTestCase.swift in Sources */ = {isa = PBXBuildFile; fileRef = 26F51AFB1F7E3D2C0073DAF2 /* CoreDataTestCase.swift */; };
/* End PBXBuildFile section */

/* Begin PBXContainerItemProxy section */
		2602F3721F3084C200BDCCC5 /* PBXContainerItemProxy */ = {
			isa = PBXContainerItemProxy;
			containerPortal = 261EB85718DDB630009DDF78 /* Project object */;
			proxyType = 1;
			remoteGlobalIDString = 261EB85E18DDB630009DDF78;
			remoteInfo = Spare;
		};
		264AE1761F95F90000F87C55 /* PBXContainerItemProxy */ = {
			isa = PBXContainerItemProxy;
			containerPortal = 264AE1711F95F8FF00F87C55 /* Bedrock.xcodeproj */;
			proxyType = 2;
			remoteGlobalIDString = 26904D301C7757540094DA08;
			remoteInfo = Bedrock;
		};
		264AE1781F95F90000F87C55 /* PBXContainerItemProxy */ = {
			isa = PBXContainerItemProxy;
			containerPortal = 264AE1711F95F8FF00F87C55 /* Bedrock.xcodeproj */;
			proxyType = 2;
			remoteGlobalIDString = 26A1906B1F83739300A9BBF6;
			remoteInfo = BedrockTests;
		};
/* End PBXContainerItemProxy section */

/* Begin PBXCopyFilesBuildPhase section */
		260024041CC7E38D00EB2026 /* Embed Frameworks */ = {
			isa = PBXCopyFilesBuildPhase;
			buildActionMask = 2147483647;
			dstPath = "";
			dstSubfolderSpec = 10;
			files = (
				264AE17B1F95F91800F87C55 /* Bedrock.framework in Embed Frameworks */,
			);
			name = "Embed Frameworks";
			runOnlyForDeploymentPostprocessing = 0;
		};
/* End PBXCopyFilesBuildPhase section */

/* Begin PBXFileReference section */
		2602F36D1F3084C200BDCCC5 /* SpareTests.xctest */ = {isa = PBXFileReference; explicitFileType = wrapper.cfbundle; includeInIndex = 0; path = SpareTests.xctest; sourceTree = BUILT_PRODUCTS_DIR; };
		2603F8C21CCA45FF007F311F /* LaunchScreen.storyboard */ = {isa = PBXFileReference; fileEncoding = 4; lastKnownFileType = file.storyboard; path = LaunchScreen.storyboard; sourceTree = "<group>"; };
		2603F8C61CCA476E007F311F /* Spare_v2.0.xcdatamodel */ = {isa = PBXFileReference; lastKnownFileType = wrapper.xcdatamodel; path = Spare_v2.0.xcdatamodel; sourceTree = "<group>"; };
		261EB85F18DDB630009DDF78 /* Spare.app */ = {isa = PBXFileReference; explicitFileType = wrapper.application; includeInIndex = 0; path = Spare.app; sourceTree = BUILT_PRODUCTS_DIR; };
		261EB86218DDB630009DDF78 /* Foundation.framework */ = {isa = PBXFileReference; lastKnownFileType = wrapper.framework; name = Foundation.framework; path = System/Library/Frameworks/Foundation.framework; sourceTree = SDKROOT; };
		261EB86418DDB630009DDF78 /* CoreGraphics.framework */ = {isa = PBXFileReference; lastKnownFileType = wrapper.framework; name = CoreGraphics.framework; path = System/Library/Frameworks/CoreGraphics.framework; sourceTree = SDKROOT; };
		261EB86618DDB631009DDF78 /* UIKit.framework */ = {isa = PBXFileReference; lastKnownFileType = wrapper.framework; name = UIKit.framework; path = System/Library/Frameworks/UIKit.framework; sourceTree = SDKROOT; };
		261EB86818DDB631009DDF78 /* CoreData.framework */ = {isa = PBXFileReference; lastKnownFileType = wrapper.framework; name = CoreData.framework; path = System/Library/Frameworks/CoreData.framework; sourceTree = SDKROOT; };
		26320B301F6E4CDB00D8E1FC /* Expense+CoreDataClass.swift */ = {isa = PBXFileReference; lastKnownFileType = sourcecode.swift; path = "Expense+CoreDataClass.swift"; sourceTree = "<group>"; };
		26320B311F6E4CDB00D8E1FC /* Expense+CoreDataProperties.swift */ = {isa = PBXFileReference; lastKnownFileType = sourcecode.swift; path = "Expense+CoreDataProperties.swift"; sourceTree = "<group>"; };
		26320B341F6E4DD700D8E1FC /* MonthTagGroup+CoreDataClass.swift */ = {isa = PBXFileReference; lastKnownFileType = sourcecode.swift; path = "MonthTagGroup+CoreDataClass.swift"; sourceTree = "<group>"; };
		26320B351F6E4DD700D8E1FC /* MonthTagGroup+CoreDataProperties.swift */ = {isa = PBXFileReference; lastKnownFileType = sourcecode.swift; path = "MonthTagGroup+CoreDataProperties.swift"; sourceTree = "<group>"; };
		26320B361F6E4DD700D8E1FC /* WeekTagGroup+CoreDataClass.swift */ = {isa = PBXFileReference; lastKnownFileType = sourcecode.swift; path = "WeekTagGroup+CoreDataClass.swift"; sourceTree = "<group>"; };
		26320B371F6E4DD700D8E1FC /* WeekTagGroup+CoreDataProperties.swift */ = {isa = PBXFileReference; lastKnownFileType = sourcecode.swift; path = "WeekTagGroup+CoreDataProperties.swift"; sourceTree = "<group>"; };
		26320B381F6E4DD700D8E1FC /* DayTagGroup+CoreDataClass.swift */ = {isa = PBXFileReference; lastKnownFileType = sourcecode.swift; path = "DayTagGroup+CoreDataClass.swift"; sourceTree = "<group>"; };
		26320B391F6E4DD700D8E1FC /* DayTagGroup+CoreDataProperties.swift */ = {isa = PBXFileReference; lastKnownFileType = sourcecode.swift; path = "DayTagGroup+CoreDataProperties.swift"; sourceTree = "<group>"; };
		264AE14A1F94A8ED00F87C55 /* AddExpense_WeekCategoryGroup.swift */ = {isa = PBXFileReference; lastKnownFileType = sourcecode.swift; path = AddExpense_WeekCategoryGroup.swift; sourceTree = "<group>"; };
		264AE14D1F94C32500F87C55 /* AddExpense_Category.swift */ = {isa = PBXFileReference; lastKnownFileType = sourcecode.swift; path = AddExpense_Category.swift; sourceTree = "<group>"; };
		264AE1711F95F8FF00F87C55 /* Bedrock.xcodeproj */ = {isa = PBXFileReference; lastKnownFileType = "wrapper.pb-project"; name = Bedrock.xcodeproj; path = Bedrock/Bedrock.xcodeproj; sourceTree = "<group>"; };
		264EE4A51EF90450004011FE /* Info.plist */ = {isa = PBXFileReference; lastKnownFileType = text.plist.xml; path = Info.plist; sourceTree = "<group>"; };
		2666C2C31957CF7A003752BF /* AdSupport.framework */ = {isa = PBXFileReference; lastKnownFileType = wrapper.framework; name = AdSupport.framework; path = System/Library/Frameworks/AdSupport.framework; sourceTree = SDKROOT; };
		2666C2C41957CF7A003752BF /* SystemConfiguration.framework */ = {isa = PBXFileReference; lastKnownFileType = wrapper.framework; name = SystemConfiguration.framework; path = System/Library/Frameworks/SystemConfiguration.framework; sourceTree = SDKROOT; };
		266946491CC7711000A68424 /* Default-568h@2x.png */ = {isa = PBXFileReference; lastKnownFileType = image.png; path = "Default-568h@2x.png"; sourceTree = "<group>"; };
		2669464A1CC7711000A68424 /* Default@2x.png */ = {isa = PBXFileReference; lastKnownFileType = image.png; path = "Default@2x.png"; sourceTree = "<group>"; };
		2669464C1CC7711000A68424 /* en */ = {isa = PBXFileReference; lastKnownFileType = text.plist.strings; name = en; path = en.lproj/InfoPlist.strings; sourceTree = "<group>"; };
		2669464D1CC7711000A68424 /* Icon-40@2x.png */ = {isa = PBXFileReference; lastKnownFileType = image.png; path = "Icon-40@2x.png"; sourceTree = "<group>"; };
		2669464E1CC7711000A68424 /* Icon-60@2x.png */ = {isa = PBXFileReference; lastKnownFileType = image.png; path = "Icon-60@2x.png"; sourceTree = "<group>"; };
		2669464F1CC7711000A68424 /* Icon-Small@2x.png */ = {isa = PBXFileReference; lastKnownFileType = image.png; path = "Icon-Small@2x.png"; sourceTree = "<group>"; };
		266946501CC7711000A68424 /* Icon@2x.png */ = {isa = PBXFileReference; lastKnownFileType = image.png; path = "Icon@2x.png"; sourceTree = "<group>"; };
		266946511CC7711000A68424 /* Images.xcassets */ = {isa = PBXFileReference; lastKnownFileType = folder.assetcatalog; path = Images.xcassets; sourceTree = "<group>"; };
		266946521CC7711000A68424 /* iPhone.storyboard */ = {isa = PBXFileReference; fileEncoding = 4; lastKnownFileType = file.storyboard; path = iPhone.storyboard; sourceTree = "<group>"; };
		266946551CC7711000A68424 /* Spare-Info.plist */ = {isa = PBXFileReference; fileEncoding = 4; lastKnownFileType = text.plist.xml; path = "Spare-Info.plist"; sourceTree = "<group>"; };
		266946581CC7711000A68424 /* Spare.xcdatamodel */ = {isa = PBXFileReference; lastKnownFileType = wrapper.xcdatamodel; path = Spare.xcdatamodel; sourceTree = "<group>"; };
		266946911CC77A1900A68424 /* Spare-Bridging-Header.h */ = {isa = PBXFileReference; lastKnownFileType = sourcecode.c.h; path = "Spare-Bridging-Header.h"; sourceTree = "<group>"; };
		266946921CC77A1A00A68424 /* AppDelegate.swift */ = {isa = PBXFileReference; fileEncoding = 4; lastKnownFileType = sourcecode.swift; path = AppDelegate.swift; sourceTree = "<group>"; };
		26974F3B1F2F14E600CF15E2 /* LoadCoreDataStackOperation.swift */ = {isa = PBXFileReference; lastKnownFileType = sourcecode.swift; path = LoadCoreDataStackOperation.swift; sourceTree = "<group>"; };
		26A1CB441DD1ABD600DAE89E /* NotoSansUI-Bold.ttf */ = {isa = PBXFileReference; lastKnownFileType = file; path = "NotoSansUI-Bold.ttf"; sourceTree = "<group>"; };
		26A1CB451DD1ABD600DAE89E /* NotoSansUI-BoldItalic.ttf */ = {isa = PBXFileReference; lastKnownFileType = file; path = "NotoSansUI-BoldItalic.ttf"; sourceTree = "<group>"; };
		26A1CB461DD1ABD600DAE89E /* NotoSansUI-Italic.ttf */ = {isa = PBXFileReference; lastKnownFileType = file; path = "NotoSansUI-Italic.ttf"; sourceTree = "<group>"; };
		26A1CB471DD1ABD600DAE89E /* NotoSansUI-Regular.ttf */ = {isa = PBXFileReference; lastKnownFileType = file; path = "NotoSansUI-Regular.ttf"; sourceTree = "<group>"; };
		26A30C891E5231620047307D /* BaseNavBarVC.swift */ = {isa = PBXFileReference; fileEncoding = 4; lastKnownFileType = sourcecode.swift; path = BaseNavBarVC.swift; sourceTree = "<group>"; };
		26B89D331F6E449C00D96C0D /* Expense+Extension.swift */ = {isa = PBXFileReference; fileEncoding = 4; lastKnownFileType = sourcecode.swift; path = "Expense+Extension.swift"; sourceTree = "<group>"; };
		26B89D351F6E449C00D96C0D /* CoreDataStack.swift */ = {isa = PBXFileReference; fileEncoding = 4; lastKnownFileType = sourcecode.swift; path = CoreDataStack.swift; sourceTree = "<group>"; };
		26B89D391F6E44C500D96C0D /* DayCategoryGroup+CoreDataClass.swift */ = {isa = PBXFileReference; lastKnownFileType = sourcecode.swift; path = "DayCategoryGroup+CoreDataClass.swift"; sourceTree = "<group>"; };
		26B89D3A1F6E44C500D96C0D /* DayCategoryGroup+CoreDataProperties.swift */ = {isa = PBXFileReference; lastKnownFileType = sourcecode.swift; path = "DayCategoryGroup+CoreDataProperties.swift"; sourceTree = "<group>"; };
		26B89D3B1F6E44C500D96C0D /* WeekCategoryGroup+CoreDataClass.swift */ = {isa = PBXFileReference; lastKnownFileType = sourcecode.swift; path = "WeekCategoryGroup+CoreDataClass.swift"; sourceTree = "<group>"; };
		26B89D3C1F6E44C500D96C0D /* WeekCategoryGroup+CoreDataProperties.swift */ = {isa = PBXFileReference; lastKnownFileType = sourcecode.swift; path = "WeekCategoryGroup+CoreDataProperties.swift"; sourceTree = "<group>"; };
		26B89D3D1F6E44C500D96C0D /* MonthCategoryGroup+CoreDataClass.swift */ = {isa = PBXFileReference; lastKnownFileType = sourcecode.swift; path = "MonthCategoryGroup+CoreDataClass.swift"; sourceTree = "<group>"; };
		26B89D3E1F6E44C500D96C0D /* MonthCategoryGroup+CoreDataProperties.swift */ = {isa = PBXFileReference; lastKnownFileType = sourcecode.swift; path = "MonthCategoryGroup+CoreDataProperties.swift"; sourceTree = "<group>"; };
		26B89D4B1F6E45AA00D96C0D /* ClassifierGroup.swift */ = {isa = PBXFileReference; lastKnownFileType = sourcecode.swift; path = ClassifierGroup.swift; sourceTree = "<group>"; };
		26B89D4D1F6E45D100D96C0D /* Classifier.swift */ = {isa = PBXFileReference; lastKnownFileType = sourcecode.swift; path = Classifier.swift; sourceTree = "<group>"; };
		26B89D4F1F6E47ED00D96C0D /* Tag+CoreDataClass.swift */ = {isa = PBXFileReference; lastKnownFileType = sourcecode.swift; path = "Tag+CoreDataClass.swift"; sourceTree = "<group>"; };
		26B89D501F6E47ED00D96C0D /* Tag+CoreDataProperties.swift */ = {isa = PBXFileReference; lastKnownFileType = sourcecode.swift; path = "Tag+CoreDataProperties.swift"; sourceTree = "<group>"; };
		26B89D511F6E47ED00D96C0D /* Category+CoreDataClass.swift */ = {isa = PBXFileReference; lastKnownFileType = sourcecode.swift; path = "Category+CoreDataClass.swift"; sourceTree = "<group>"; };
		26B89D521F6E47ED00D96C0D /* Category+CoreDataProperties.swift */ = {isa = PBXFileReference; lastKnownFileType = sourcecode.swift; path = "Category+CoreDataProperties.swift"; sourceTree = "<group>"; };
		26BEEC201F6A7D45005224C9 /* AddExpenseOperation.swift */ = {isa = PBXFileReference; lastKnownFileType = sourcecode.swift; path = AddExpenseOperation.swift; sourceTree = "<group>"; };
		26BEEC211F6A7D45005224C9 /* AmountFormatter.swift */ = {isa = PBXFileReference; lastKnownFileType = sourcecode.swift; path = AmountFormatter.swift; sourceTree = "<group>"; };
		26BEEC221F6A7D45005224C9 /* BarButtonItems.swift */ = {isa = PBXFileReference; lastKnownFileType = sourcecode.swift; path = BarButtonItems.swift; sourceTree = "<group>"; };
		26BEEC241F6A7D45005224C9 /* ClassifierType.swift */ = {isa = PBXFileReference; lastKnownFileType = sourcecode.swift; path = ClassifierType.swift; sourceTree = "<group>"; };
		26BEEC261F6A7D45005224C9 /* Debug.swift */ = {isa = PBXFileReference; lastKnownFileType = sourcecode.swift; path = Debug.swift; sourceTree = "<group>"; };
		26BEEC271F6A7D45005224C9 /* DefaultClassifier.swift */ = {isa = PBXFileReference; lastKnownFileType = sourcecode.swift; path = DefaultClassifier.swift; sourceTree = "<group>"; };
		26BEEC291F6A7D45005224C9 /* RawExpense.swift */ = {isa = PBXFileReference; lastKnownFileType = sourcecode.swift; path = RawExpense.swift; sourceTree = "<group>"; };
		26BEEC2C1F6A7D45005224C9 /* Global.swift */ = {isa = PBXFileReference; lastKnownFileType = sourcecode.swift; path = Global.swift; sourceTree = "<group>"; };
		26BEEC2D1F6A7D45005224C9 /* Grouping.swift */ = {isa = PBXFileReference; lastKnownFileType = sourcecode.swift; path = Grouping.swift; sourceTree = "<group>"; };
		26BEEC2E1F6A7D45005224C9 /* LightTheme.swift */ = {isa = PBXFileReference; lastKnownFileType = sourcecode.swift; path = LightTheme.swift; sourceTree = "<group>"; };
		26BEEC2F1F6A7D45005224C9 /* NotoSansUI.swift */ = {isa = PBXFileReference; lastKnownFileType = sourcecode.swift; path = NotoSansUI.swift; sourceTree = "<group>"; };
		26BEEC301F6A7D45005224C9 /* Periodization.swift */ = {isa = PBXFileReference; lastKnownFileType = sourcecode.swift; path = Periodization.swift; sourceTree = "<group>"; };
		26BEEC311F6A7D45005224C9 /* SectionIdentifier.swift */ = {isa = PBXFileReference; lastKnownFileType = sourcecode.swift; path = SectionIdentifier.swift; sourceTree = "<group>"; };
		26BEEC321F6A7D45005224C9 /* StartOfWeek.swift */ = {isa = PBXFileReference; lastKnownFileType = sourcecode.swift; path = StartOfWeek.swift; sourceTree = "<group>"; };
		26BEEC341F6A7D45005224C9 /* Theme.swift */ = {isa = PBXFileReference; lastKnownFileType = sourcecode.swift; path = Theme.swift; sourceTree = "<group>"; };
		26BEEC351F6A7D45005224C9 /* TimestampFormatter.swift */ = {isa = PBXFileReference; lastKnownFileType = sourcecode.swift; path = TimestampFormatter.swift; sourceTree = "<group>"; };
		26BEEC361F6A7D45005224C9 /* UserDefaultsKey.swift */ = {isa = PBXFileReference; lastKnownFileType = sourcecode.swift; path = UserDefaultsKey.swift; sourceTree = "<group>"; };
		26BEEC371F6A7D45005224C9 /* ValidateExpenseOperation.swift */ = {isa = PBXFileReference; lastKnownFileType = sourcecode.swift; path = ValidateExpenseOperation.swift; sourceTree = "<group>"; };
		26BEEC381F6A7D45005224C9 /* ValidExpense.swift */ = {isa = PBXFileReference; lastKnownFileType = sourcecode.swift; path = ValidExpense.swift; sourceTree = "<group>"; };
		26DB29681F8226EC0042E39D /* AddExpense_DayCategoryGroup.swift */ = {isa = PBXFileReference; lastKnownFileType = sourcecode.swift; path = AddExpense_DayCategoryGroup.swift; sourceTree = "<group>"; };
		26DDDCA71E5C238B001617A1 /* LoadAppViewController.swift */ = {isa = PBXFileReference; fileEncoding = 4; lastKnownFileType = sourcecode.swift; path = LoadAppViewController.swift; sourceTree = "<group>"; };
		26DF099C1EF800D900D26D14 /* LoadableView.swift */ = {isa = PBXFileReference; fileEncoding = 4; lastKnownFileType = sourcecode.swift; path = LoadableView.swift; sourceTree = "<group>"; };
		26DF099F1EF800D900D26D14 /* TwoLabelTableViewCell.swift */ = {isa = PBXFileReference; fileEncoding = 4; lastKnownFileType = sourcecode.swift; path = TwoLabelTableViewCell.swift; sourceTree = "<group>"; };
		26DF09A01EF800D900D26D14 /* TwoLabelTableViewCell.xib */ = {isa = PBXFileReference; fileEncoding = 4; lastKnownFileType = file.xib; path = TwoLabelTableViewCell.xib; sourceTree = "<group>"; };
		26E4E0581937AF690096191A /* QuartzCore.framework */ = {isa = PBXFileReference; lastKnownFileType = wrapper.framework; name = QuartzCore.framework; path = System/Library/Frameworks/QuartzCore.framework; sourceTree = SDKROOT; };
		26F51AFB1F7E3D2C0073DAF2 /* CoreDataTestCase.swift */ = {isa = PBXFileReference; fileEncoding = 4; lastKnownFileType = sourcecode.swift; path = CoreDataTestCase.swift; sourceTree = "<group>"; };
/* End PBXFileReference section */

/* Begin PBXFrameworksBuildPhase section */
		2602F36A1F3084C200BDCCC5 /* Frameworks */ = {
			isa = PBXFrameworksBuildPhase;
			buildActionMask = 2147483647;
			files = (
			);
			runOnlyForDeploymentPostprocessing = 0;
		};
		261EB85C18DDB630009DDF78 /* Frameworks */ = {
			isa = PBXFrameworksBuildPhase;
			buildActionMask = 2147483647;
			files = (
				264AE17A1F95F91400F87C55 /* Bedrock.framework in Frameworks */,
				261EB86518DDB630009DDF78 /* CoreGraphics.framework in Frameworks */,
				261EB86918DDB631009DDF78 /* CoreData.framework in Frameworks */,
				26E4E0591937AF690096191A /* QuartzCore.framework in Frameworks */,
				2666C2C61957CF7A003752BF /* SystemConfiguration.framework in Frameworks */,
				261EB86718DDB631009DDF78 /* UIKit.framework in Frameworks */,
				261EB86318DDB630009DDF78 /* Foundation.framework in Frameworks */,
			);
			runOnlyForDeploymentPostprocessing = 0;
		};
/* End PBXFrameworksBuildPhase section */

/* Begin PBXGroup section */
		261370A91CD7A114007BAF56 /* Fonts */ = {
			isa = PBXGroup;
			children = (
				26A1CB441DD1ABD600DAE89E /* NotoSansUI-Bold.ttf */,
				26A1CB451DD1ABD600DAE89E /* NotoSansUI-BoldItalic.ttf */,
				26A1CB461DD1ABD600DAE89E /* NotoSansUI-Italic.ttf */,
				26A1CB471DD1ABD600DAE89E /* NotoSansUI-Regular.ttf */,
			);
			path = Fonts;
			sourceTree = "<group>";
		};
		261EB85618DDB630009DDF78 = {
			isa = PBXGroup;
			children = (
				264AE1711F95F8FF00F87C55 /* Bedrock.xcodeproj */,
				266946471CC7711000A68424 /* Spare */,
				266946481CC7711000A68424 /* Supporting Files */,
				264EE4A21EF90450004011FE /* SpareTests */,
				261EB86118DDB630009DDF78 /* Frameworks */,
				261EB86018DDB630009DDF78 /* Products */,
			);
			sourceTree = "<group>";
		};
		261EB86018DDB630009DDF78 /* Products */ = {
			isa = PBXGroup;
			children = (
				261EB85F18DDB630009DDF78 /* Spare.app */,
				2602F36D1F3084C200BDCCC5 /* SpareTests.xctest */,
			);
			name = Products;
			sourceTree = "<group>";
		};
		261EB86118DDB630009DDF78 /* Frameworks */ = {
			isa = PBXGroup;
			children = (
				2666C2C31957CF7A003752BF /* AdSupport.framework */,
				2666C2C41957CF7A003752BF /* SystemConfiguration.framework */,
				26E4E0581937AF690096191A /* QuartzCore.framework */,
				261EB86218DDB630009DDF78 /* Foundation.framework */,
				261EB86418DDB630009DDF78 /* CoreGraphics.framework */,
				261EB86618DDB631009DDF78 /* UIKit.framework */,
				261EB86818DDB631009DDF78 /* CoreData.framework */,
			);
			name = Frameworks;
			sourceTree = "<group>";
		};
		264AE1721F95F8FF00F87C55 /* Products */ = {
			isa = PBXGroup;
			children = (
				264AE1771F95F90000F87C55 /* Bedrock.framework */,
				264AE1791F95F90000F87C55 /* BedrockTests.xctest */,
			);
			name = Products;
			sourceTree = "<group>";
		};
		264EE4A21EF90450004011FE /* SpareTests */ = {
			isa = PBXGroup;
			children = (
				26F51AFB1F7E3D2C0073DAF2 /* CoreDataTestCase.swift */,
				264EE4A51EF90450004011FE /* Info.plist */,
				26DB29681F8226EC0042E39D /* AddExpense_DayCategoryGroup.swift */,
				264AE14A1F94A8ED00F87C55 /* AddExpense_WeekCategoryGroup.swift */,
				264AE14D1F94C32500F87C55 /* AddExpense_Category.swift */,
			);
			path = SpareTests;
			sourceTree = "<group>";
		};
		266946471CC7711000A68424 /* Spare */ = {
			isa = PBXGroup;
			children = (
				26B89D321F6E447800D96C0D /* Core Data */,
				26BEEC1F1F6A7D45005224C9 /* Utilities */,
				26DF099B1EF800D900D26D14 /* Views */,
				26A30C771E522E840047307D /* Screens */,
			);
			path = Spare;
			sourceTree = "<group>";
		};
		266946481CC7711000A68424 /* Supporting Files */ = {
			isa = PBXGroup;
			children = (
				261370A91CD7A114007BAF56 /* Fonts */,
				266946491CC7711000A68424 /* Default-568h@2x.png */,
				2669464A1CC7711000A68424 /* Default@2x.png */,
				2669464B1CC7711000A68424 /* InfoPlist.strings */,
				2669464D1CC7711000A68424 /* Icon-40@2x.png */,
				2669464E1CC7711000A68424 /* Icon-60@2x.png */,
				2669464F1CC7711000A68424 /* Icon-Small@2x.png */,
				266946501CC7711000A68424 /* Icon@2x.png */,
				266946511CC7711000A68424 /* Images.xcassets */,
				266946521CC7711000A68424 /* iPhone.storyboard */,
				266946551CC7711000A68424 /* Spare-Info.plist */,
				266946571CC7711000A68424 /* Spare.xcdatamodeld */,
				266946921CC77A1A00A68424 /* AppDelegate.swift */,
				266946911CC77A1900A68424 /* Spare-Bridging-Header.h */,
				2603F8C21CCA45FF007F311F /* LaunchScreen.storyboard */,
			);
			path = "Supporting Files";
			sourceTree = "<group>";
		};
		26A30C771E522E840047307D /* Screens */ = {
			isa = PBXGroup;
			children = (
				26DDDCA61E5C237F001617A1 /* LoadApp */,
				26A30C881E5231530047307D /* Base */,
			);
			path = Screens;
			sourceTree = "<group>";
		};
		26A30C881E5231530047307D /* Base */ = {
			isa = PBXGroup;
			children = (
				26A30C891E5231620047307D /* BaseNavBarVC.swift */,
			);
			path = Base;
			sourceTree = "<group>";
		};
		26B89D321F6E447800D96C0D /* Core Data */ = {
			isa = PBXGroup;
			children = (
				26320B341F6E4DD700D8E1FC /* MonthTagGroup+CoreDataClass.swift */,
				26320B351F6E4DD700D8E1FC /* MonthTagGroup+CoreDataProperties.swift */,
				26320B361F6E4DD700D8E1FC /* WeekTagGroup+CoreDataClass.swift */,
				26320B371F6E4DD700D8E1FC /* WeekTagGroup+CoreDataProperties.swift */,
				26320B381F6E4DD700D8E1FC /* DayTagGroup+CoreDataClass.swift */,
				26320B391F6E4DD700D8E1FC /* DayTagGroup+CoreDataProperties.swift */,
				26320B301F6E4CDB00D8E1FC /* Expense+CoreDataClass.swift */,
				26320B311F6E4CDB00D8E1FC /* Expense+CoreDataProperties.swift */,
				26B89D4F1F6E47ED00D96C0D /* Tag+CoreDataClass.swift */,
				26B89D501F6E47ED00D96C0D /* Tag+CoreDataProperties.swift */,
				26B89D511F6E47ED00D96C0D /* Category+CoreDataClass.swift */,
				26B89D521F6E47ED00D96C0D /* Category+CoreDataProperties.swift */,
				26B89D391F6E44C500D96C0D /* DayCategoryGroup+CoreDataClass.swift */,
				26B89D3A1F6E44C500D96C0D /* DayCategoryGroup+CoreDataProperties.swift */,
				26B89D3B1F6E44C500D96C0D /* WeekCategoryGroup+CoreDataClass.swift */,
				26B89D3C1F6E44C500D96C0D /* WeekCategoryGroup+CoreDataProperties.swift */,
				26B89D3D1F6E44C500D96C0D /* MonthCategoryGroup+CoreDataClass.swift */,
				26B89D3E1F6E44C500D96C0D /* MonthCategoryGroup+CoreDataProperties.swift */,
				26B89D351F6E449C00D96C0D /* CoreDataStack.swift */,
				26B89D331F6E449C00D96C0D /* Expense+Extension.swift */,
				26B89D4B1F6E45AA00D96C0D /* ClassifierGroup.swift */,
				26B89D4D1F6E45D100D96C0D /* Classifier.swift */,
			);
			path = "Core Data";
			sourceTree = "<group>";
		};
		26BEEC1F1F6A7D45005224C9 /* Utilities */ = {
			isa = PBXGroup;
			children = (
				26BEEC201F6A7D45005224C9 /* AddExpenseOperation.swift */,
				26BEEC211F6A7D45005224C9 /* AmountFormatter.swift */,
				26BEEC221F6A7D45005224C9 /* BarButtonItems.swift */,
				26BEEC241F6A7D45005224C9 /* ClassifierType.swift */,
				26BEEC261F6A7D45005224C9 /* Debug.swift */,
				26BEEC271F6A7D45005224C9 /* DefaultClassifier.swift */,
				26BEEC2C1F6A7D45005224C9 /* Global.swift */,
				26BEEC2D1F6A7D45005224C9 /* Grouping.swift */,
				26BEEC2E1F6A7D45005224C9 /* LightTheme.swift */,
				26BEEC2F1F6A7D45005224C9 /* NotoSansUI.swift */,
				26BEEC301F6A7D45005224C9 /* Periodization.swift */,
				26BEEC291F6A7D45005224C9 /* RawExpense.swift */,
				26BEEC311F6A7D45005224C9 /* SectionIdentifier.swift */,
				26BEEC321F6A7D45005224C9 /* StartOfWeek.swift */,
				26BEEC341F6A7D45005224C9 /* Theme.swift */,
				26BEEC351F6A7D45005224C9 /* TimestampFormatter.swift */,
				26BEEC361F6A7D45005224C9 /* UserDefaultsKey.swift */,
				26BEEC371F6A7D45005224C9 /* ValidateExpenseOperation.swift */,
				26BEEC381F6A7D45005224C9 /* ValidExpense.swift */,
			);
			path = Utilities;
			sourceTree = "<group>";
		};
		26DDDCA61E5C237F001617A1 /* LoadApp */ = {
			isa = PBXGroup;
			children = (
				26DDDCA71E5C238B001617A1 /* LoadAppViewController.swift */,
				26974F3B1F2F14E600CF15E2 /* LoadCoreDataStackOperation.swift */,
			);
			path = LoadApp;
			sourceTree = "<group>";
		};
		26DF099B1EF800D900D26D14 /* Views */ = {
			isa = PBXGroup;
			children = (
				26DF099C1EF800D900D26D14 /* LoadableView.swift */,
				26DF099F1EF800D900D26D14 /* TwoLabelTableViewCell.swift */,
				26DF09A01EF800D900D26D14 /* TwoLabelTableViewCell.xib */,
			);
			path = Views;
			sourceTree = "<group>";
		};
/* End PBXGroup section */

/* Begin PBXNativeTarget section */
		2602F36C1F3084C200BDCCC5 /* SpareTests */ = {
			isa = PBXNativeTarget;
			buildConfigurationList = 2602F3741F3084C200BDCCC5 /* Build configuration list for PBXNativeTarget "SpareTests" */;
			buildPhases = (
				2602F3691F3084C200BDCCC5 /* Sources */,
				2602F36A1F3084C200BDCCC5 /* Frameworks */,
				2602F36B1F3084C200BDCCC5 /* Resources */,
			);
			buildRules = (
			);
			dependencies = (
				2602F3731F3084C200BDCCC5 /* PBXTargetDependency */,
			);
			name = SpareTests;
			productName = SpareTests;
			productReference = 2602F36D1F3084C200BDCCC5 /* SpareTests.xctest */;
			productType = "com.apple.product-type.bundle.unit-test";
		};
		261EB85E18DDB630009DDF78 /* Spare */ = {
			isa = PBXNativeTarget;
			buildConfigurationList = 261EB89118DDB631009DDF78 /* Build configuration list for PBXNativeTarget "Spare" */;
			buildPhases = (
				261EB85B18DDB630009DDF78 /* Sources */,
				261EB85C18DDB630009DDF78 /* Frameworks */,
				261EB85D18DDB630009DDF78 /* Resources */,
				260024041CC7E38D00EB2026 /* Embed Frameworks */,
			);
			buildRules = (
			);
			dependencies = (
			);
			name = Spare;
			productName = Spare;
			productReference = 261EB85F18DDB630009DDF78 /* Spare.app */;
			productType = "com.apple.product-type.application";
		};
/* End PBXNativeTarget section */

/* Begin PBXProject section */
		261EB85718DDB630009DDF78 /* Project object */ = {
			isa = PBXProject;
			attributes = {
				CLASSPREFIX = SPR;
				LastSwiftUpdateCheck = 0900;
				LastUpgradeCheck = 0900;
				ORGANIZATIONNAME = "Matt Quiros";
				TargetAttributes = {
					2602F36C1F3084C200BDCCC5 = {
						CreatedOnToolsVersion = 9.0;
						DevelopmentTeam = MEWJ9DWAEU;
						LastSwiftMigration = 0900;
						TestTargetID = 261EB85E18DDB630009DDF78;
					};
					261EB85E18DDB630009DDF78 = {
						DevelopmentTeam = MEWJ9DWAEU;
						LastSwiftMigration = 0900;
						ProvisioningStyle = Automatic;
					};
				};
			};
			buildConfigurationList = 261EB85A18DDB630009DDF78 /* Build configuration list for PBXProject "Spare" */;
			compatibilityVersion = "Xcode 3.2";
			developmentRegion = English;
			hasScannedForEncodings = 0;
			knownRegions = (
				en,
			);
			mainGroup = 261EB85618DDB630009DDF78;
			productRefGroup = 261EB86018DDB630009DDF78 /* Products */;
			projectDirPath = "";
			projectReferences = (
				{
					ProductGroup = 264AE1721F95F8FF00F87C55 /* Products */;
					ProjectRef = 264AE1711F95F8FF00F87C55 /* Bedrock.xcodeproj */;
				},
			);
			projectRoot = "";
			targets = (
				261EB85E18DDB630009DDF78 /* Spare */,
				2602F36C1F3084C200BDCCC5 /* SpareTests */,
			);
		};
/* End PBXProject section */

/* Begin PBXReferenceProxy section */
		264AE1771F95F90000F87C55 /* Bedrock.framework */ = {
			isa = PBXReferenceProxy;
			fileType = wrapper.framework;
			path = Bedrock.framework;
			remoteRef = 264AE1761F95F90000F87C55 /* PBXContainerItemProxy */;
			sourceTree = BUILT_PRODUCTS_DIR;
		};
		264AE1791F95F90000F87C55 /* BedrockTests.xctest */ = {
			isa = PBXReferenceProxy;
			fileType = wrapper.cfbundle;
			path = BedrockTests.xctest;
			remoteRef = 264AE1781F95F90000F87C55 /* PBXContainerItemProxy */;
			sourceTree = BUILT_PRODUCTS_DIR;
		};
/* End PBXReferenceProxy section */

/* Begin PBXResourcesBuildPhase section */
		2602F36B1F3084C200BDCCC5 /* Resources */ = {
			isa = PBXResourcesBuildPhase;
			buildActionMask = 2147483647;
			files = (
			);
			runOnlyForDeploymentPostprocessing = 0;
		};
		261EB85D18DDB630009DDF78 /* Resources */ = {
			isa = PBXResourcesBuildPhase;
			buildActionMask = 2147483647;
			files = (
				266946841CC7711000A68424 /* Default@2x.png in Resources */,
				2603F8C31CCA45FF007F311F /* LaunchScreen.storyboard in Resources */,
				26A1CB4F1DD1ABD600DAE89E /* NotoSansUI-Regular.ttf in Resources */,
				26A1CB4E1DD1ABD600DAE89E /* NotoSansUI-Italic.ttf in Resources */,
				26DF09A51EF800D900D26D14 /* TwoLabelTableViewCell.xib in Resources */,
				2669468B1CC7711000A68424 /* iPhone.storyboard in Resources */,
				2669468A1CC7711000A68424 /* Images.xcassets in Resources */,
				266946871CC7711000A68424 /* Icon-60@2x.png in Resources */,
				266946891CC7711000A68424 /* Icon@2x.png in Resources */,
				26A1CB4C1DD1ABD600DAE89E /* NotoSansUI-Bold.ttf in Resources */,
				266946861CC7711000A68424 /* Icon-40@2x.png in Resources */,
				266946881CC7711000A68424 /* Icon-Small@2x.png in Resources */,
				266946851CC7711000A68424 /* InfoPlist.strings in Resources */,
				26A1CB4D1DD1ABD600DAE89E /* NotoSansUI-BoldItalic.ttf in Resources */,
				266946831CC7711000A68424 /* Default-568h@2x.png in Resources */,
			);
			runOnlyForDeploymentPostprocessing = 0;
		};
/* End PBXResourcesBuildPhase section */

/* Begin PBXSourcesBuildPhase section */
		2602F3691F3084C200BDCCC5 /* Sources */ = {
			isa = PBXSourcesBuildPhase;
			buildActionMask = 2147483647;
			files = (
				264AE14E1F94C32500F87C55 /* AddExpense_Category.swift in Sources */,
				264AE14B1F94A8ED00F87C55 /* AddExpense_WeekCategoryGroup.swift in Sources */,
				26DB29691F8226EC0042E39D /* AddExpense_DayCategoryGroup.swift in Sources */,
				26F51AFC1F7E3D2C0073DAF2 /* CoreDataTestCase.swift in Sources */,
			);
			runOnlyForDeploymentPostprocessing = 0;
		};
		261EB85B18DDB630009DDF78 /* Sources */ = {
			isa = PBXSourcesBuildPhase;
			buildActionMask = 2147483647;
			files = (
				26320B3C1F6E4DD700D8E1FC /* WeekTagGroup+CoreDataClass.swift in Sources */,
				26320B3F1F6E4DD700D8E1FC /* DayTagGroup+CoreDataProperties.swift in Sources */,
				26BEEC391F6A7DB6005224C9 /* AddExpenseOperation.swift in Sources */,
				26BEEC3A1F6A7DB6005224C9 /* AmountFormatter.swift in Sources */,
				26BEEC3B1F6A7DB6005224C9 /* BarButtonItems.swift in Sources */,
				26BEEC3D1F6A7DB6005224C9 /* ClassifierType.swift in Sources */,
				26B89D441F6E44C500D96C0D /* MonthCategoryGroup+CoreDataProperties.swift in Sources */,
				26BEEC3F1F6A7DB6005224C9 /* Debug.swift in Sources */,
				26BEEC401F6A7DB6005224C9 /* DefaultClassifier.swift in Sources */,
				26320B3A1F6E4DD700D8E1FC /* MonthTagGroup+CoreDataClass.swift in Sources */,
				26BEEC421F6A7DB6005224C9 /* RawExpense.swift in Sources */,
				26BEEC451F6A7DB6005224C9 /* Global.swift in Sources */,
				26BEEC461F6A7DB6005224C9 /* Grouping.swift in Sources */,
				26BEEC471F6A7DB6005224C9 /* LightTheme.swift in Sources */,
				26BEEC481F6A7DB6005224C9 /* NotoSansUI.swift in Sources */,
				26BEEC491F6A7DB6005224C9 /* Periodization.swift in Sources */,
				26BEEC4A1F6A7DB6005224C9 /* SectionIdentifier.swift in Sources */,
				26B89D421F6E44C500D96C0D /* WeekCategoryGroup+CoreDataProperties.swift in Sources */,
				26BEEC4B1F6A7DB6005224C9 /* StartOfWeek.swift in Sources */,
				26B89D3F1F6E44C500D96C0D /* DayCategoryGroup+CoreDataClass.swift in Sources */,
				26BEEC4D1F6A7DB6005224C9 /* Theme.swift in Sources */,
				26BEEC4E1F6A7DB6005224C9 /* TimestampFormatter.swift in Sources */,
				26BEEC4F1F6A7DB6005224C9 /* UserDefaultsKey.swift in Sources */,
				26BEEC501F6A7DB6005224C9 /* ValidateExpenseOperation.swift in Sources */,
				26BEEC511F6A7DB6005224C9 /* ValidExpense.swift in Sources */,
				26320B321F6E4CDB00D8E1FC /* Expense+CoreDataClass.swift in Sources */,
				266946931CC77A1A00A68424 /* AppDelegate.swift in Sources */,
				26DF09A11EF800D900D26D14 /* LoadableView.swift in Sources */,
				26DDDCA81E5C238B001617A1 /* LoadAppViewController.swift in Sources */,
				26974F3C1F2F14E600CF15E2 /* LoadCoreDataStackOperation.swift in Sources */,
				26320B3B1F6E4DD700D8E1FC /* MonthTagGroup+CoreDataProperties.swift in Sources */,
				26B89D381F6E449D00D96C0D /* CoreDataStack.swift in Sources */,
				26B89D401F6E44C500D96C0D /* DayCategoryGroup+CoreDataProperties.swift in Sources */,
				26B89D531F6E47ED00D96C0D /* Tag+CoreDataClass.swift in Sources */,
				2669468F1CC7711000A68424 /* Spare.xcdatamodeld in Sources */,
				26B89D4C1F6E45AA00D96C0D /* ClassifierGroup.swift in Sources */,
				26320B331F6E4CDB00D8E1FC /* Expense+CoreDataProperties.swift in Sources */,
				26A30C8A1E5231620047307D /* BaseNavBarVC.swift in Sources */,
				26B89D361F6E449D00D96C0D /* Expense+Extension.swift in Sources */,
				26DF09A41EF800D900D26D14 /* TwoLabelTableViewCell.swift in Sources */,
				26B89D411F6E44C500D96C0D /* WeekCategoryGroup+CoreDataClass.swift in Sources */,
				26B89D4E1F6E45D100D96C0D /* Classifier.swift in Sources */,
				26B89D541F6E47ED00D96C0D /* Tag+CoreDataProperties.swift in Sources */,
				26320B3E1F6E4DD700D8E1FC /* DayTagGroup+CoreDataClass.swift in Sources */,
				26B89D431F6E44C500D96C0D /* MonthCategoryGroup+CoreDataClass.swift in Sources */,
				26320B3D1F6E4DD700D8E1FC /* WeekTagGroup+CoreDataProperties.swift in Sources */,
				26B89D561F6E47ED00D96C0D /* Category+CoreDataProperties.swift in Sources */,
				26B89D551F6E47ED00D96C0D /* Category+CoreDataClass.swift in Sources */,
			);
			runOnlyForDeploymentPostprocessing = 0;
		};
/* End PBXSourcesBuildPhase section */

/* Begin PBXTargetDependency section */
		2602F3731F3084C200BDCCC5 /* PBXTargetDependency */ = {
			isa = PBXTargetDependency;
			target = 261EB85E18DDB630009DDF78 /* Spare */;
			targetProxy = 2602F3721F3084C200BDCCC5 /* PBXContainerItemProxy */;
		};
/* End PBXTargetDependency section */

/* Begin PBXVariantGroup section */
		2669464B1CC7711000A68424 /* InfoPlist.strings */ = {
			isa = PBXVariantGroup;
			children = (
				2669464C1CC7711000A68424 /* en */,
			);
			name = InfoPlist.strings;
			sourceTree = "<group>";
		};
/* End PBXVariantGroup section */

/* Begin XCBuildConfiguration section */
		2602F3751F3084C200BDCCC5 /* Debug */ = {
			isa = XCBuildConfiguration;
			buildSettings = {
				BUNDLE_LOADER = "$(TEST_HOST)";
				CLANG_ANALYZER_NONNULL = YES;
				CLANG_ANALYZER_NUMBER_OBJECT_CONVERSION = YES_AGGRESSIVE;
				CLANG_CXX_LANGUAGE_STANDARD = "gnu++14";
				CLANG_ENABLE_MODULES = YES;
				CLANG_WARN_DOCUMENTATION_COMMENTS = YES;
				CLANG_WARN_UNGUARDED_AVAILABILITY = YES_AGGRESSIVE;
				DEBUG_INFORMATION_FORMAT = dwarf;
				DEVELOPMENT_TEAM = MEWJ9DWAEU;
				GCC_C_LANGUAGE_STANDARD = gnu11;
				GCC_WARN_UNINITIALIZED_AUTOS = YES_AGGRESSIVE;
				INFOPLIST_FILE = SpareTests/Info.plist;
				IPHONEOS_DEPLOYMENT_TARGET = 11.0;
				LD_RUNPATH_SEARCH_PATHS = "$(inherited) @executable_path/Frameworks @loader_path/Frameworks";
				MTL_ENABLE_DEBUG_INFO = YES;
				PRODUCT_BUNDLE_IDENTIFIER = com.mattquiros.SpareTests;
				PRODUCT_NAME = "$(TARGET_NAME)";
				SWIFT_ACTIVE_COMPILATION_CONDITIONS = DEBUG;
				SWIFT_OPTIMIZATION_LEVEL = "-Onone";
				SWIFT_VERSION = 4.0;
				TARGETED_DEVICE_FAMILY = "1,2";
				TEST_HOST = "$(BUILT_PRODUCTS_DIR)/Spare.app/Spare";
			};
			name = Debug;
		};
		2602F3761F3084C200BDCCC5 /* Release */ = {
			isa = XCBuildConfiguration;
			buildSettings = {
				BUNDLE_LOADER = "$(TEST_HOST)";
				CLANG_ANALYZER_NONNULL = YES;
				CLANG_ANALYZER_NUMBER_OBJECT_CONVERSION = YES_AGGRESSIVE;
				CLANG_CXX_LANGUAGE_STANDARD = "gnu++14";
				CLANG_ENABLE_MODULES = YES;
				CLANG_WARN_DOCUMENTATION_COMMENTS = YES;
				CLANG_WARN_UNGUARDED_AVAILABILITY = YES_AGGRESSIVE;
				CODE_SIGN_IDENTITY = "iPhone Developer";
				COPY_PHASE_STRIP = NO;
				DEBUG_INFORMATION_FORMAT = "dwarf-with-dsym";
				DEVELOPMENT_TEAM = MEWJ9DWAEU;
				GCC_C_LANGUAGE_STANDARD = gnu11;
				GCC_WARN_UNINITIALIZED_AUTOS = YES_AGGRESSIVE;
				INFOPLIST_FILE = SpareTests/Info.plist;
				IPHONEOS_DEPLOYMENT_TARGET = 11.0;
				LD_RUNPATH_SEARCH_PATHS = "$(inherited) @executable_path/Frameworks @loader_path/Frameworks";
				MTL_ENABLE_DEBUG_INFO = NO;
				PRODUCT_BUNDLE_IDENTIFIER = com.mattquiros.SpareTests;
				PRODUCT_NAME = "$(TARGET_NAME)";
				SWIFT_VERSION = 4.0;
				TARGETED_DEVICE_FAMILY = "1,2";
				TEST_HOST = "$(BUILT_PRODUCTS_DIR)/Spare.app/Spare";
			};
			name = Release;
		};
		261EB88F18DDB631009DDF78 /* Debug */ = {
			isa = XCBuildConfiguration;
			buildSettings = {
				ALWAYS_SEARCH_USER_PATHS = NO;
				CLANG_CXX_LANGUAGE_STANDARD = "gnu++0x";
				CLANG_CXX_LIBRARY = "libc++";
				CLANG_ENABLE_MODULES = YES;
				CLANG_ENABLE_OBJC_ARC = YES;
				CLANG_WARN_BLOCK_CAPTURE_AUTORELEASING = YES;
				CLANG_WARN_BOOL_CONVERSION = YES;
				CLANG_WARN_COMMA = YES;
				CLANG_WARN_CONSTANT_CONVERSION = YES;
				CLANG_WARN_DIRECT_OBJC_ISA_USAGE = YES_ERROR;
				CLANG_WARN_EMPTY_BODY = YES;
				CLANG_WARN_ENUM_CONVERSION = YES;
				CLANG_WARN_INFINITE_RECURSION = YES;
				CLANG_WARN_INT_CONVERSION = YES;
				CLANG_WARN_NON_LITERAL_NULL_CONVERSION = YES;
				CLANG_WARN_OBJC_LITERAL_CONVERSION = YES;
				CLANG_WARN_OBJC_ROOT_CLASS = YES_ERROR;
				CLANG_WARN_RANGE_LOOP_ANALYSIS = YES;
				CLANG_WARN_STRICT_PROTOTYPES = YES;
				CLANG_WARN_SUSPICIOUS_MOVE = YES;
				CLANG_WARN_UNREACHABLE_CODE = YES;
				CLANG_WARN__DUPLICATE_METHOD_MATCH = YES;
				CODE_SIGN_IDENTITY = "iPhone Developer";
				"CODE_SIGN_IDENTITY[sdk=iphoneos*]" = "iPhone Developer";
				COPY_PHASE_STRIP = NO;
				ENABLE_STRICT_OBJC_MSGSEND = YES;
				ENABLE_TESTABILITY = YES;
				GCC_C_LANGUAGE_STANDARD = gnu99;
				GCC_DYNAMIC_NO_PIC = NO;
				GCC_NO_COMMON_BLOCKS = YES;
				GCC_OPTIMIZATION_LEVEL = 0;
				GCC_PREPROCESSOR_DEFINITIONS = (
					"DEBUG=1",
					"$(inherited)",
				);
				GCC_SYMBOLS_PRIVATE_EXTERN = NO;
				GCC_WARN_64_TO_32_BIT_CONVERSION = YES;
				GCC_WARN_ABOUT_RETURN_TYPE = YES_ERROR;
				GCC_WARN_UNDECLARED_SELECTOR = YES;
				GCC_WARN_UNINITIALIZED_AUTOS = YES;
				GCC_WARN_UNUSED_FUNCTION = YES;
				GCC_WARN_UNUSED_VARIABLE = YES;
				IPHONEOS_DEPLOYMENT_TARGET = 9.0;
				ONLY_ACTIVE_ARCH = YES;
				SDKROOT = iphoneos;
			};
			name = Debug;
		};
		261EB89018DDB631009DDF78 /* Release */ = {
			isa = XCBuildConfiguration;
			buildSettings = {
				ALWAYS_SEARCH_USER_PATHS = NO;
				CLANG_CXX_LANGUAGE_STANDARD = "gnu++0x";
				CLANG_CXX_LIBRARY = "libc++";
				CLANG_ENABLE_MODULES = YES;
				CLANG_ENABLE_OBJC_ARC = YES;
				CLANG_WARN_BLOCK_CAPTURE_AUTORELEASING = YES;
				CLANG_WARN_BOOL_CONVERSION = YES;
				CLANG_WARN_COMMA = YES;
				CLANG_WARN_CONSTANT_CONVERSION = YES;
				CLANG_WARN_DIRECT_OBJC_ISA_USAGE = YES_ERROR;
				CLANG_WARN_EMPTY_BODY = YES;
				CLANG_WARN_ENUM_CONVERSION = YES;
				CLANG_WARN_INFINITE_RECURSION = YES;
				CLANG_WARN_INT_CONVERSION = YES;
				CLANG_WARN_NON_LITERAL_NULL_CONVERSION = YES;
				CLANG_WARN_OBJC_LITERAL_CONVERSION = YES;
				CLANG_WARN_OBJC_ROOT_CLASS = YES_ERROR;
				CLANG_WARN_RANGE_LOOP_ANALYSIS = YES;
				CLANG_WARN_STRICT_PROTOTYPES = YES;
				CLANG_WARN_SUSPICIOUS_MOVE = YES;
				CLANG_WARN_UNREACHABLE_CODE = YES;
				CLANG_WARN__DUPLICATE_METHOD_MATCH = YES;
				CODE_SIGN_IDENTITY = "iPhone Distribution";
				"CODE_SIGN_IDENTITY[sdk=iphoneos*]" = "iPhone Distribution";
				COPY_PHASE_STRIP = YES;
				ENABLE_NS_ASSERTIONS = NO;
				ENABLE_STRICT_OBJC_MSGSEND = YES;
				GCC_C_LANGUAGE_STANDARD = gnu99;
				GCC_NO_COMMON_BLOCKS = YES;
				GCC_WARN_64_TO_32_BIT_CONVERSION = YES;
				GCC_WARN_ABOUT_RETURN_TYPE = YES_ERROR;
				GCC_WARN_UNDECLARED_SELECTOR = YES;
				GCC_WARN_UNINITIALIZED_AUTOS = YES;
				GCC_WARN_UNUSED_FUNCTION = YES;
				GCC_WARN_UNUSED_VARIABLE = YES;
				IPHONEOS_DEPLOYMENT_TARGET = 9.0;
				SDKROOT = iphoneos;
				SWIFT_OPTIMIZATION_LEVEL = "-Owholemodule";
				VALIDATE_PRODUCT = YES;
			};
			name = Release;
		};
		261EB89218DDB631009DDF78 /* Debug */ = {
			isa = XCBuildConfiguration;
			buildSettings = {
				ALWAYS_EMBED_SWIFT_STANDARD_LIBRARIES = YES;
				ASSETCATALOG_COMPILER_APPICON_NAME = AppIcon;
				CLANG_ENABLE_MODULES = YES;
				CODE_SIGN_IDENTITY = "";
				"CODE_SIGN_IDENTITY[sdk=iphoneos*]" = "iPhone Developer";
				DEVELOPMENT_TEAM = MEWJ9DWAEU;
				ENABLE_BITCODE = YES;
				FRAMEWORK_SEARCH_PATHS = (
					"$(inherited)",
					"$(PROJECT_DIR)",
				);
				GCC_PRECOMPILE_PREFIX_HEADER = YES;
				GCC_PREFIX_HEADER = "";
				INFOPLIST_FILE = "$(SRCROOT)/Supporting Files/Spare-Info.plist";
				IPHONEOS_DEPLOYMENT_TARGET = 10.0;
				LD_RUNPATH_SEARCH_PATHS = "$(inherited) @executable_path/Frameworks";
				LIBRARY_SEARCH_PATHS = (
					"$(inherited)",
					"$(PROJECT_NAME)",
				);
				PRODUCT_BUNDLE_IDENTIFIER = com.mattquiros.sparev2;
				PRODUCT_NAME = "$(TARGET_NAME)";
				PROVISIONING_PROFILE = "";
				PROVISIONING_PROFILE_SPECIFIER = "";
				SWIFT_OBJC_BRIDGING_HEADER = "Supporting Files/Spare-Bridging-Header.h";
				SWIFT_OPTIMIZATION_LEVEL = "-Onone";
				SWIFT_SWIFT3_OBJC_INFERENCE = Off;
				SWIFT_VERSION = 4.0;
				WRAPPER_EXTENSION = app;
			};
			name = Debug;
		};
		261EB89318DDB631009DDF78 /* Release */ = {
			isa = XCBuildConfiguration;
			buildSettings = {
				ALWAYS_EMBED_SWIFT_STANDARD_LIBRARIES = YES;
				ASSETCATALOG_COMPILER_APPICON_NAME = AppIcon;
				CLANG_ENABLE_MODULES = YES;
				CODE_SIGN_IDENTITY = "";
				"CODE_SIGN_IDENTITY[sdk=iphoneos*]" = "iPhone Developer";
				DEVELOPMENT_TEAM = MEWJ9DWAEU;
				ENABLE_BITCODE = YES;
				FRAMEWORK_SEARCH_PATHS = (
					"$(inherited)",
					"$(PROJECT_DIR)",
				);
				GCC_PRECOMPILE_PREFIX_HEADER = YES;
				GCC_PREFIX_HEADER = "";
				INFOPLIST_FILE = "$(SRCROOT)/Supporting Files/Spare-Info.plist";
				IPHONEOS_DEPLOYMENT_TARGET = 10.0;
				LD_RUNPATH_SEARCH_PATHS = "$(inherited) @executable_path/Frameworks";
				LIBRARY_SEARCH_PATHS = (
					"$(inherited)",
					"$(PROJECT_NAME)",
				);
				PRODUCT_BUNDLE_IDENTIFIER = com.mattquiros.sparev2;
				PRODUCT_NAME = "$(TARGET_NAME)";
				PROVISIONING_PROFILE = "";
				PROVISIONING_PROFILE_SPECIFIER = "";
				SWIFT_OBJC_BRIDGING_HEADER = "Supporting Files/Spare-Bridging-Header.h";
				SWIFT_SWIFT3_OBJC_INFERENCE = Off;
				SWIFT_VERSION = 4.0;
				WRAPPER_EXTENSION = app;
			};
			name = Release;
		};
/* End XCBuildConfiguration section */

/* Begin XCConfigurationList section */
		2602F3741F3084C200BDCCC5 /* Build configuration list for PBXNativeTarget "SpareTests" */ = {
			isa = XCConfigurationList;
			buildConfigurations = (
				2602F3751F3084C200BDCCC5 /* Debug */,
				2602F3761F3084C200BDCCC5 /* Release */,
			);
			defaultConfigurationIsVisible = 0;
			defaultConfigurationName = Release;
		};
		261EB85A18DDB630009DDF78 /* Build configuration list for PBXProject "Spare" */ = {
			isa = XCConfigurationList;
			buildConfigurations = (
				261EB88F18DDB631009DDF78 /* Debug */,
				261EB89018DDB631009DDF78 /* Release */,
			);
			defaultConfigurationIsVisible = 0;
			defaultConfigurationName = Release;
		};
		261EB89118DDB631009DDF78 /* Build configuration list for PBXNativeTarget "Spare" */ = {
			isa = XCConfigurationList;
			buildConfigurations = (
				261EB89218DDB631009DDF78 /* Debug */,
				261EB89318DDB631009DDF78 /* Release */,
			);
			defaultConfigurationIsVisible = 0;
			defaultConfigurationName = Release;
		};
/* End XCConfigurationList section */

/* Begin XCVersionGroup section */
		266946571CC7711000A68424 /* Spare.xcdatamodeld */ = {
			isa = XCVersionGroup;
			children = (
				2603F8C61CCA476E007F311F /* Spare_v2.0.xcdatamodel */,
				266946581CC7711000A68424 /* Spare.xcdatamodel */,
			);
			currentVersion = 2603F8C61CCA476E007F311F /* Spare_v2.0.xcdatamodel */;
			path = Spare.xcdatamodeld;
			sourceTree = "<group>";
			versionGroupType = wrapper.xcdatamodel;
		};
/* End XCVersionGroup section */
	};
	rootObject = 261EB85718DDB630009DDF78 /* Project object */;
}
